// !$*UTF8*$!
{
	archiveVersion = 1;
	classes = {
	};
	objectVersion = 46;
	objects = {
/* Begin PBXBuildFile section */
		07CDD3AECC674E84A8B57A93 /* libcrypto.a in Frameworks */ = {isa = PBXBuildFile; fileRef = 72D48AB2CE3F4F6090512469 /* libcrypto.a */; };
		0BD57F6C378C43D1BEC0A101 /* libDatavault.a in Frameworks */ = {isa = PBXBuildFile; fileRef = 436C7DB67BE747EC9E95C760 /* libDatavault.a */; };
		106E9DB8454240369AA07D87 /* libSMPODataPlugin.a in Frameworks */ = {isa = PBXBuildFile; fileRef = BC56B208FC004853BA89CC02 /* libSMPODataPlugin.a */; };
		12CDC2A98A204A81930421AA /* libsqlite3.dylib in Frameworks */ = {isa = PBXBuildFile; fileRef = 30F391FAAA7D45AFA8DC1EE5 /* libsqlite3.dylib */; };
		1313D0870C5E45AE9EF1AF6A /* libHttpConvAuthFlows.a in Frameworks */ = {isa = PBXBuildFile; fileRef = 279B812FA7724290B8F498EC /* libHttpConvAuthFlows.a */; };
		1C923B301DFB4188BE5D2032 /* libConnectivity.a in Frameworks */ = {isa = PBXBuildFile; fileRef = 85EC7D4CF5474285946537B9 /* libConnectivity.a */; };
		1D3623260D0F684500981E51 /* AppDelegate.m in Sources */ = {isa = PBXBuildFile; fileRef = 1D3623250D0F684500981E51 /* AppDelegate.m */; };
		1D60589B0D05DD56006BFB54 /* main.m in Sources */ = {isa = PBXBuildFile; fileRef = 29B97316FDCFA39411CA2CEA /* main.m */; };
		1F766FE113BBADB100FB74C0 /* Localizable.strings in Resources */ = {isa = PBXBuildFile; fileRef = 1F766FDC13BBADB100FB74C0 /* Localizable.strings */; };
		20DE57C071B349A4A9774ED2 /* libcrypto.a in Frameworks */ = {isa = PBXBuildFile; fileRef = 6DFE5073514742B7B842E9A9 /* libcrypto.a */; };
		26B1673C7525431EBCAC6DD0 /* LocalAuthentication.framework in Frameworks */ = {isa = PBXBuildFile; fileRef = AD7B4CF69FC84509BE82C00E /* LocalAuthentication.framework */; };
		288765FD0DF74451002DB57D /* CoreGraphics.framework in Frameworks */ = {isa = PBXBuildFile; fileRef = 288765FC0DF74451002DB57D /* CoreGraphics.framework */; };
		301BF552109A68D80062928A /* libCordova.a in Frameworks */ = {isa = PBXBuildFile; fileRef = 301BF535109A57CC0062928A /* libCordova.a */; };
		302D95F114D2391D003F00A1 /* MainViewController.m in Sources */ = {isa = PBXBuildFile; fileRef = 302D95EF14D2391D003F00A1 /* MainViewController.m */; };
		302D95F214D2391D003F00A1 /* MainViewController.xib in Resources */ = {isa = PBXBuildFile; fileRef = 302D95F014D2391D003F00A1 /* MainViewController.xib */; };
		305D5FD1115AB8F900A74A75 /* MobileCoreServices.framework in Frameworks */ = {isa = PBXBuildFile; fileRef = 305D5FD0115AB8F900A74A75 /* MobileCoreServices.framework */; };
		3088BBBD154F3926009F9C59 /* Default-Landscape@2x~ipad.png in Resources */ = {isa = PBXBuildFile; fileRef = 3088BBB7154F3926009F9C59 /* Default-Landscape@2x~ipad.png */; };
		3088BBBE154F3926009F9C59 /* Default-Landscape~ipad.png in Resources */ = {isa = PBXBuildFile; fileRef = 3088BBB8154F3926009F9C59 /* Default-Landscape~ipad.png */; };
		3088BBBF154F3926009F9C59 /* Default-Portrait@2x~ipad.png in Resources */ = {isa = PBXBuildFile; fileRef = 3088BBB9154F3926009F9C59 /* Default-Portrait@2x~ipad.png */; };
		3088BBC0154F3926009F9C59 /* Default-Portrait~ipad.png in Resources */ = {isa = PBXBuildFile; fileRef = 3088BBBA154F3926009F9C59 /* Default-Portrait~ipad.png */; };
		3088BBC1154F3926009F9C59 /* Default@2x~iphone.png in Resources */ = {isa = PBXBuildFile; fileRef = 3088BBBB154F3926009F9C59 /* Default@2x~iphone.png */; };
		3088BBC2154F3926009F9C59 /* Default~iphone.png in Resources */ = {isa = PBXBuildFile; fileRef = 3088BBBC154F3926009F9C59 /* Default~iphone.png */; };
		308D05371370CCF300D202BF /* icon-72.png in Resources */ = {isa = PBXBuildFile; fileRef = 308D052E1370CCF300D202BF /* icon-72.png */; };
		308D05381370CCF300D202BF /* icon.png in Resources */ = {isa = PBXBuildFile; fileRef = 308D052F1370CCF300D202BF /* icon.png */; };
		308D05391370CCF300D202BF /* icon@2x.png in Resources */ = {isa = PBXBuildFile; fileRef = 308D05301370CCF300D202BF /* icon@2x.png */; };
		30A0434814DC770100060A13 /* Localizable.strings in Resources */ = {isa = PBXBuildFile; fileRef = 30A0434314DC770100060A13 /* Localizable.strings */; };
		30FC414916E50CA1004E6F35 /* icon-72@2x.png in Resources */ = {isa = PBXBuildFile; fileRef = 30FC414816E50CA1004E6F35 /* icon-72@2x.png */; };
		3D1B13CD1ADC4766001B08FA /* AppConnect.plist in Resources */ = {isa = PBXBuildFile; fileRef = 3D1B13CC1ADC4766001B08FA /* AppConnect.plist */; };
		3F051B256C784830A78CF8A0 /* libSMPAuthProxyPlugin.a in Frameworks */ = {isa = PBXBuildFile; fileRef = 1C344DB5FB4841EDA3D0ECA4 /* libSMPAuthProxyPlugin.a */; };
		3FCF5B6F609D485BAFEE9240 /* libMAFLogonManagerNG.a in Frameworks */ = {isa = PBXBuildFile; fileRef = 880AF70B1A524391945366AD /* libMAFLogonManagerNG.a */; };
		40F3EC687A5F4E889FC983DE /* libRequest.a in Frameworks */ = {isa = PBXBuildFile; fileRef = F41A6991E9824547891A1BE9 /* libRequest.a */; };
		4AE814CB1C414E6F89EF5F50 /* libc++.dylib in Frameworks */ = {isa = PBXBuildFile; fileRef = 2628A5F3FE3D4F2599D2476A /* libc++.dylib */; };
		4EB53BC3BA364C82AFF3DC0A /* libPerformanceLib.a in Frameworks */ = {isa = PBXBuildFile; fileRef = 1150C750ED93417393B4581E /* libPerformanceLib.a */; };
		504DA2CA3D6247B2A9E07AE5 /* AppConnect.framework in Frameworks */ = {isa = PBXBuildFile; fileRef = 97AA0F41122F420DAB6A1A88 /* AppConnect.framework */; };
		516010298CA3461F9ADD65E9 /* libCoreServices.a in Frameworks */ = {isa = PBXBuildFile; fileRef = 7FFD52393711443595662E53 /* libCoreServices.a */; };
		58F548417A5D4744AD50C681 /* CoreData.framework in Frameworks */ = {isa = PBXBuildFile; fileRef = E287EA9705CA47009A6E4077 /* CoreData.framework */; };
		5B1594DD16A7569C00FEF299 /* AssetsLibrary.framework in Frameworks */ = {isa = PBXBuildFile; fileRef = 5B1594DC16A7569C00FEF299 /* AssetsLibrary.framework */; };
		5CCC2BCA2DA9413E8A7B6F7A /* libE2ETrace.a in Frameworks */ = {isa = PBXBuildFile; fileRef = B288130D28B548129C1BEFA0 /* libE2ETrace.a */; };
		5E5F4F9D042B4CE381D74DF1 /* libAppConnectCordovaPlugin.a in Frameworks */ = {isa = PBXBuildFile; fileRef = 3B903A08C92A43DFACD16512 /* libAppConnectCordovaPlugin.a */; };
		6BC14EC14ADA4B2B96CC379C /* libstdc++.dylib in Frameworks */ = {isa = PBXBuildFile; fileRef = 65C0DCB83D4E4010B35692D8 /* libstdc++.dylib */; };
		6F8745D181E94CF8ADBF6A53 /* CFNetwork.framework in Frameworks */ = {isa = PBXBuildFile; fileRef = 20B649E3624A44BDBAB45986 /* CFNetwork.framework */; };
		79C7C801DD284B8FB0048A94 /* libz.dylib in Frameworks */ = {isa = PBXBuildFile; fileRef = DB03162F72DA4B408D53F092 /* libz.dylib */; };
		7E7966DE1810823500FA85AD /* icon-40.png in Resources */ = {isa = PBXBuildFile; fileRef = 7E7966D41810823500FA85AD /* icon-40.png */; };
		7E7966DF1810823500FA85AD /* icon-40@2x.png in Resources */ = {isa = PBXBuildFile; fileRef = 7E7966D51810823500FA85AD /* icon-40@2x.png */; };
		7E7966E01810823500FA85AD /* icon-50.png in Resources */ = {isa = PBXBuildFile; fileRef = 7E7966D61810823500FA85AD /* icon-50.png */; };
		7E7966E11810823500FA85AD /* icon-50@2x.png in Resources */ = {isa = PBXBuildFile; fileRef = 7E7966D71810823500FA85AD /* icon-50@2x.png */; };
		7E7966E21810823500FA85AD /* icon-60.png in Resources */ = {isa = PBXBuildFile; fileRef = 7E7966D81810823500FA85AD /* icon-60.png */; };
		7E7966E31810823500FA85AD /* icon-60@2x.png in Resources */ = {isa = PBXBuildFile; fileRef = 7E7966D91810823500FA85AD /* icon-60@2x.png */; };
		7E7966E41810823500FA85AD /* icon-76.png in Resources */ = {isa = PBXBuildFile; fileRef = 7E7966DA1810823500FA85AD /* icon-76.png */; };
		7E7966E51810823500FA85AD /* icon-76@2x.png in Resources */ = {isa = PBXBuildFile; fileRef = 7E7966DB1810823500FA85AD /* icon-76@2x.png */; };
		7E7966E61810823500FA85AD /* icon-small.png in Resources */ = {isa = PBXBuildFile; fileRef = 7E7966DC1810823500FA85AD /* icon-small.png */; };
		7E7966E71810823500FA85AD /* icon-small@2x.png in Resources */ = {isa = PBXBuildFile; fileRef = 7E7966DD1810823500FA85AD /* icon-small@2x.png */; };
		7F9831A0C0C84CA493C50424 /* Certificate.xcassets in Resources */ = {isa = PBXBuildFile; fileRef = 4ABD6FF420CF44A1A1DB276A /* Certificate.xcassets */; };
		8497DCF85CC14BEC877DE0B7 /* libLogger.a in Frameworks */ = {isa = PBXBuildFile; fileRef = 653B42924B3E40F797A80812 /* libLogger.a */; };
		899386E704B1497B8029CCC8 /* libODataAPI.a in Frameworks */ = {isa = PBXBuildFile; fileRef = B2A77D3A14A24B6BA0C80097 /* libODataAPI.a */; };
		92B1CEBE1EAB449AA50581F1 /* libProtocolBuffers.a in Frameworks */ = {isa = PBXBuildFile; fileRef = 80691294237548CFA17840CB /* libProtocolBuffers.a */; };
		96D9ACF6F49D47DBBECE9C36 /* MessageUI.framework in Frameworks */ = {isa = PBXBuildFile; fileRef = 3A6035CBDBB2401A9147BE4A /* MessageUI.framework */; };
		9798EC9CFC124FDD81733AE2 /* libMAFLogger.a in Frameworks */ = {isa = PBXBuildFile; fileRef = F0C615ACAF944323BCC7AD42 /* libMAFLogger.a */; };
		9E5B9C68E184418A8039309C /* SystemConfiguration.framework in Frameworks */ = {isa = PBXBuildFile; fileRef = 28B0A5A14F714E75AC763892 /* SystemConfiguration.framework */; };
		A057A4422B2F47F8B93C3011 /* security.framework in Frameworks */ = {isa = PBXBuildFile; fileRef = 5D9F14DAB3C34651ACD57F12 /* security.framework */; };
		A820C220B2E04AFBAC32972A /* HttpConvAuthFlows.bundle in Resources */ = {isa = PBXBuildFile; fileRef = 51007F828C3849A6A1BD119B /* HttpConvAuthFlows.bundle */; };
		A91E24684F424396B3A6B9A8 /* libODataOffline.a in Frameworks */ = {isa = PBXBuildFile; fileRef = 63413E2999E54D728EA06DCF /* libODataOffline.a */; };
		A98A48DCC6A042A29CF5E32A /* libHttpConversation.a in Frameworks */ = {isa = PBXBuildFile; fileRef = 501110B26B0545C6B6AC6202 /* libHttpConversation.a */; };
		A9BC6C4ACDCE422DBEBD5C18 /* libSupportability.a in Frameworks */ = {isa = PBXBuildFile; fileRef = 6256E489595C411FBF06AAA1 /* libSupportability.a */; };
		AB86A9CAAB2C4B1593272E51 /* libClientHubSLL.a in Frameworks */ = {isa = PBXBuildFile; fileRef = 752AC99A4C774857820FA379 /* libClientHubSLL.a */; };
		B5EF6E018CD24D9493F8B58D /* CDVStatusBar.m in Sources */ = {isa = PBXBuildFile; fileRef = CDF872242747498C9904194B /* CDVStatusBar.m */; };
		B7B6921C99DF449684A29380 /* Security.framework in Frameworks */ = {isa = PBXBuildFile; fileRef = 47CFE8E382E5465DAB5514A5 /* Security.framework */; };
		BB07D5B3347F48DAB0A38854 /* libE2ETrace2.a in Frameworks */ = {isa = PBXBuildFile; fileRef = 82355FE8A48E460AAFF38797 /* libE2ETrace2.a */; };
		C3AE86584C4D46178B794D97 /* libAfariaSLL.a in Frameworks */ = {isa = PBXBuildFile; fileRef = C0ACDB220529461884E6ABC7 /* libAfariaSLL.a */; };
		CB41EBC7805B4C6E83C134D2 /* CDVDevice.m in Sources */ = {isa = PBXBuildFile; fileRef = 46D72F034D014BF9ACBDCD5C /* CDVDevice.m */; };
		CBCE315C32B14A548A3B003B /* libMAFLogonCoreCDVPlugin.a in Frameworks */ = {isa = PBXBuildFile; fileRef = D17A2031481142AEA2FC5C1E /* libMAFLogonCoreCDVPlugin.a */; };
		CE2E3E329A1B4D79A98CAF0F /* libSMPCoreLib.a in Frameworks */ = {isa = PBXBuildFile; fileRef = 14F4CD4181FF429BABC21E45 /* libSMPCoreLib.a */; };
		CFD578F5B359458090B6CE16 /* MAFLogonManagerNG.bundle in Resources */ = {isa = PBXBuildFile; fileRef = 6D03B2B249824D5F95F285EA /* MAFLogonManagerNG.bundle */; };
		D4A0D8761607E02300AEF8BB /* Default-568h@2x~iphone.png in Resources */ = {isa = PBXBuildFile; fileRef = D4A0D8751607E02300AEF8BB /* Default-568h@2x~iphone.png */; };
		E37EAB2C8E8441CD831A52BE /* AppConnectResources.bundle in Resources */ = {isa = PBXBuildFile; fileRef = 07B608CC8EA5447C88E62B11 /* AppConnectResources.bundle */; };
		E3FB1ED40E3D46819ECAC786 /* libSMPEncryptedStoragePlugin.a in Frameworks */ = {isa = PBXBuildFile; fileRef = 4B541F3F10CD4B1087F6787A /* libSMPEncryptedStoragePlugin.a */; };
		F331058FB7834BEDA722C687 /* libClientLog.a in Frameworks */ = {isa = PBXBuildFile; fileRef = 48F0334C4B0B455F9C97F843 /* libClientLog.a */; };
		FB46AB6647B847C88F9C3FB8 /* CDVInAppBrowser.m in Sources */ = {isa = PBXBuildFile; fileRef = 143B9F9A4095431DBDCD5D4A /* CDVInAppBrowser.m */; };
/* End PBXBuildFile section */

/* Begin PBXContainerItemProxy section */
		301BF534109A57CC0062928A /* PBXContainerItemProxy */ = {
			isa = PBXContainerItemProxy;
			containerPortal = 301BF52D109A57CC0062928A /* CordovaLib.xcodeproj */;
			proxyType = 2;
			remoteGlobalIDString = D2AAC07E0554694100DB518D;
			remoteInfo = CordovaLib;
		};
		301BF550109A68C00062928A /* PBXContainerItemProxy */ = {
			isa = PBXContainerItemProxy;
			containerPortal = 301BF52D109A57CC0062928A /* CordovaLib.xcodeproj */;
			proxyType = 1;
			remoteGlobalIDString = D2AAC07D0554694100DB518D;
			remoteInfo = CordovaLib;
		};
/* End PBXContainerItemProxy section */

/* Begin PBXFileReference section */
		02BA643E48E94239A8C3D79B /* CDVStatusBar.h */ = {isa = PBXFileReference; fileEncoding = 4; lastKnownFileType = sourcecode.c.h; name = CDVStatusBar.h; path = org.apache.cordova.statusbar/CDVStatusBar.h; sourceTree = "<group>"; };
		07B608CC8EA5447C88E62B11 /* AppConnectResources.bundle */ = {isa = PBXFileReference; lastKnownFileType = "wrapper.plug-in"; path = AppConnectResources.bundle; sourceTree = "<group>"; };
		1150C750ED93417393B4581E /* libPerformanceLib.a */ = {isa = PBXFileReference; fileEncoding = 4; lastKnownFileType = archive.ar; name = libPerformanceLib.a; path = EAMMobApp/Plugins/com.sap.mp.cordova.plugins.corelibs/libPerformanceLib.a; sourceTree = "<group>"; };
		143B9F9A4095431DBDCD5D4A /* CDVInAppBrowser.m */ = {isa = PBXFileReference; fileEncoding = 4; lastKnownFileType = sourcecode.c.objc; name = CDVInAppBrowser.m; path = org.apache.cordova.inappbrowser/CDVInAppBrowser.m; sourceTree = "<group>"; };
		14F4CD4181FF429BABC21E45 /* libSMPCoreLib.a */ = {isa = PBXFileReference; fileEncoding = 4; lastKnownFileType = archive.ar; name = libSMPCoreLib.a; path = EAMMobApp/Plugins/com.sap.mp.cordova.plugins.corelibs/libSMPCoreLib.a; sourceTree = "<group>"; };
		1C344DB5FB4841EDA3D0ECA4 /* libSMPAuthProxyPlugin.a */ = {isa = PBXFileReference; fileEncoding = 4; lastKnownFileType = archive.ar; name = libSMPAuthProxyPlugin.a; path = EAMMobApp/Plugins/com.sap.mp.cordova.plugins.authproxy/libSMPAuthProxyPlugin.a; sourceTree = "<group>"; };
		1D3623240D0F684500981E51 /* AppDelegate.h */ = {isa = PBXFileReference; fileEncoding = 4; lastKnownFileType = sourcecode.c.h; path = AppDelegate.h; sourceTree = "<group>"; };
		1D3623250D0F684500981E51 /* AppDelegate.m */ = {isa = PBXFileReference; fileEncoding = 4; lastKnownFileType = sourcecode.c.objc; path = AppDelegate.m; sourceTree = "<group>"; };
		1D6058910D05DD3D006BFB54 /* EAMMobApp.app */ = {isa = PBXFileReference; explicitFileType = wrapper.application; includeInIndex = 0; path = EAMMobApp.app; sourceTree = BUILT_PRODUCTS_DIR; };
		1F766FDD13BBADB100FB74C0 /* en */ = {isa = PBXFileReference; lastKnownFileType = text.plist.strings; name = en; path = Localizable.strings; sourceTree = "<group>"; };
		1F766FE013BBADB100FB74C0 /* es */ = {isa = PBXFileReference; lastKnownFileType = text.plist.strings; name = es; path = Localizable.strings; sourceTree = "<group>"; };
		20B649E3624A44BDBAB45986 /* CFNetwork.framework */ = {isa = PBXFileReference; fileEncoding = 4; lastKnownFileType = wrapper.framework; name = CFNetwork.framework; path = System/Library/Frameworks/CFNetwork.framework; sourceTree = SDKROOT; };
		2628A5F3FE3D4F2599D2476A /* libc++.dylib */ = {isa = PBXFileReference; fileEncoding = 4; lastKnownFileType = "compiled.mach-o.dylib"; name = "libc++.dylib"; path = "usr/lib/libc++.dylib"; sourceTree = SDKROOT; };
		279B812FA7724290B8F498EC /* libHttpConvAuthFlows.a */ = {isa = PBXFileReference; fileEncoding = 4; lastKnownFileType = archive.ar; name = libHttpConvAuthFlows.a; path = EAMMobApp/Plugins/com.sap.mp.cordova.plugins.corelibs/libHttpConvAuthFlows.a; sourceTree = "<group>"; };
		288765FC0DF74451002DB57D /* CoreGraphics.framework */ = {isa = PBXFileReference; lastKnownFileType = wrapper.framework; name = CoreGraphics.framework; path = System/Library/Frameworks/CoreGraphics.framework; sourceTree = SDKROOT; };
		28B0A5A14F714E75AC763892 /* SystemConfiguration.framework */ = {isa = PBXFileReference; fileEncoding = 4; lastKnownFileType = wrapper.framework; name = SystemConfiguration.framework; path = System/Library/Frameworks/SystemConfiguration.framework; sourceTree = SDKROOT; };
		29B97316FDCFA39411CA2CEA /* main.m */ = {isa = PBXFileReference; fileEncoding = 4; lastKnownFileType = sourcecode.c.objc; path = main.m; sourceTree = "<group>"; };
		301BF52D109A57CC0062928A /* CordovaLib.xcodeproj */ = {isa = PBXFileReference; lastKnownFileType = "wrapper.pb-project"; name = CordovaLib.xcodeproj; path = CordovaLib/CordovaLib.xcodeproj; sourceTree = "<group>"; };
		301BF56E109A69640062928A /* www */ = {isa = PBXFileReference; lastKnownFileType = folder; path = www; sourceTree = SOURCE_ROOT; };
		302D95EE14D2391D003F00A1 /* MainViewController.h */ = {isa = PBXFileReference; fileEncoding = 4; lastKnownFileType = sourcecode.c.h; path = MainViewController.h; sourceTree = "<group>"; };
		302D95EF14D2391D003F00A1 /* MainViewController.m */ = {isa = PBXFileReference; fileEncoding = 4; lastKnownFileType = sourcecode.c.objc; path = MainViewController.m; sourceTree = "<group>"; };
		302D95F014D2391D003F00A1 /* MainViewController.xib */ = {isa = PBXFileReference; fileEncoding = 4; lastKnownFileType = file.xib; path = MainViewController.xib; sourceTree = "<group>"; };
		305D5FD0115AB8F900A74A75 /* MobileCoreServices.framework */ = {isa = PBXFileReference; lastKnownFileType = wrapper.framework; name = MobileCoreServices.framework; path = System/Library/Frameworks/MobileCoreServices.framework; sourceTree = SDKROOT; };
		3088BBB7154F3926009F9C59 /* Default-Landscape@2x~ipad.png */ = {isa = PBXFileReference; lastKnownFileType = image.png; path = "Default-Landscape@2x~ipad.png"; sourceTree = "<group>"; };
		3088BBB8154F3926009F9C59 /* Default-Landscape~ipad.png */ = {isa = PBXFileReference; lastKnownFileType = image.png; path = "Default-Landscape~ipad.png"; sourceTree = "<group>"; };
		3088BBB9154F3926009F9C59 /* Default-Portrait@2x~ipad.png */ = {isa = PBXFileReference; lastKnownFileType = image.png; path = "Default-Portrait@2x~ipad.png"; sourceTree = "<group>"; };
		3088BBBA154F3926009F9C59 /* Default-Portrait~ipad.png */ = {isa = PBXFileReference; lastKnownFileType = image.png; path = "Default-Portrait~ipad.png"; sourceTree = "<group>"; };
		3088BBBB154F3926009F9C59 /* Default@2x~iphone.png */ = {isa = PBXFileReference; lastKnownFileType = image.png; path = "Default@2x~iphone.png"; sourceTree = "<group>"; };
		3088BBBC154F3926009F9C59 /* Default~iphone.png */ = {isa = PBXFileReference; lastKnownFileType = image.png; path = "Default~iphone.png"; sourceTree = "<group>"; };
		308D052E1370CCF300D202BF /* icon-72.png */ = {isa = PBXFileReference; lastKnownFileType = image.png; path = "icon-72.png"; sourceTree = "<group>"; };
		308D052F1370CCF300D202BF /* icon.png */ = {isa = PBXFileReference; lastKnownFileType = image.png; path = icon.png; sourceTree = "<group>"; };
		308D05301370CCF300D202BF /* icon@2x.png */ = {isa = PBXFileReference; lastKnownFileType = image.png; path = "icon@2x.png"; sourceTree = "<group>"; };
		30A0434414DC770100060A13 /* de */ = {isa = PBXFileReference; lastKnownFileType = text.plist.strings; name = de; path = Localizable.strings; sourceTree = "<group>"; };
		30A0434714DC770100060A13 /* se */ = {isa = PBXFileReference; lastKnownFileType = text.plist.strings; name = se; path = Localizable.strings; sourceTree = "<group>"; };
		30F391FAAA7D45AFA8DC1EE5 /* libsqlite3.dylib */ = {isa = PBXFileReference; fileEncoding = 4; lastKnownFileType = "compiled.mach-o.dylib"; name = libsqlite3.dylib; path = usr/lib/libsqlite3.dylib; sourceTree = SDKROOT; };
		30FC414816E50CA1004E6F35 /* icon-72@2x.png */ = {isa = PBXFileReference; lastKnownFileType = image.png; path = "icon-72@2x.png"; sourceTree = "<group>"; };
		32CA4F630368D1EE00C91783 /* EAMMobApp-Prefix.pch */ = {isa = PBXFileReference; fileEncoding = 4; lastKnownFileType = sourcecode.c.h; path = "EAMMobApp-Prefix.pch"; sourceTree = "<group>"; };
		3A6035CBDBB2401A9147BE4A /* MessageUI.framework */ = {isa = PBXFileReference; fileEncoding = 4; lastKnownFileType = wrapper.framework; name = MessageUI.framework; path = System/Library/Frameworks/MessageUI.framework; sourceTree = SDKROOT; };
		3B903A08C92A43DFACD16512 /* libAppConnectCordovaPlugin.a */ = {isa = PBXFileReference; fileEncoding = 4; lastKnownFileType = archive.ar; name = libAppConnectCordovaPlugin.a; path = EAMMobApp/Plugins/com.mobileiron.cordova.appconnect/libAppConnectCordovaPlugin.a; sourceTree = "<group>"; };
		3D1B13CC1ADC4766001B08FA /* AppConnect.plist */ = {isa = PBXFileReference; fileEncoding = 4; lastKnownFileType = text.plist.xml; path = AppConnect.plist; sourceTree = "<group>"; };
		436C7DB67BE747EC9E95C760 /* libDatavault.a */ = {isa = PBXFileReference; fileEncoding = 4; lastKnownFileType = archive.ar; name = libDatavault.a; path = EAMMobApp/Plugins/com.sap.mp.cordova.plugins.corelibs/libDatavault.a; sourceTree = "<group>"; };
		46D72F034D014BF9ACBDCD5C /* CDVDevice.m */ = {isa = PBXFileReference; fileEncoding = 4; lastKnownFileType = sourcecode.c.objc; name = CDVDevice.m; path = org.apache.cordova.device/CDVDevice.m; sourceTree = "<group>"; };
		47CFE8E382E5465DAB5514A5 /* Security.framework */ = {isa = PBXFileReference; fileEncoding = 4; lastKnownFileType = wrapper.framework; name = Security.framework; path = System/Library/Frameworks/Security.framework; sourceTree = SDKROOT; };
		48F0334C4B0B455F9C97F843 /* libClientLog.a */ = {isa = PBXFileReference; fileEncoding = 4; lastKnownFileType = archive.ar; name = libClientLog.a; path = EAMMobApp/Plugins/com.sap.mp.cordova.plugins.corelibs/libClientLog.a; sourceTree = "<group>"; };
		4ABD6FF420CF44A1A1DB276A /* Certificate.xcassets */ = {isa = PBXFileReference; fileEncoding = 4; lastKnownFileType = unknown; path = Certificate.xcassets; sourceTree = "<group>"; };
		4B541F3F10CD4B1087F6787A /* libSMPEncryptedStoragePlugin.a */ = {isa = PBXFileReference; fileEncoding = 4; lastKnownFileType = archive.ar; name = libSMPEncryptedStoragePlugin.a; path = EAMMobApp/Plugins/com.sap.mp.cordova.plugins.encryptedstorage/libSMPEncryptedStoragePlugin.a; sourceTree = "<group>"; };
		501110B26B0545C6B6AC6202 /* libHttpConversation.a */ = {isa = PBXFileReference; fileEncoding = 4; lastKnownFileType = archive.ar; name = libHttpConversation.a; path = EAMMobApp/Plugins/com.sap.mp.cordova.plugins.corelibs/libHttpConversation.a; sourceTree = "<group>"; };
		51007F828C3849A6A1BD119B /* HttpConvAuthFlows.bundle */ = {isa = PBXFileReference; lastKnownFileType = "wrapper.plug-in"; path = HttpConvAuthFlows.bundle; sourceTree = "<group>"; };
		5B1594DC16A7569C00FEF299 /* AssetsLibrary.framework */ = {isa = PBXFileReference; lastKnownFileType = wrapper.framework; name = AssetsLibrary.framework; path = System/Library/Frameworks/AssetsLibrary.framework; sourceTree = SDKROOT; };
		5C2673F2F42842EAA604F73C /* CDVDevice.h */ = {isa = PBXFileReference; fileEncoding = 4; lastKnownFileType = sourcecode.c.h; name = CDVDevice.h; path = org.apache.cordova.device/CDVDevice.h; sourceTree = "<group>"; };
		5D9F14DAB3C34651ACD57F12 /* security.framework */ = {isa = PBXFileReference; fileEncoding = 4; lastKnownFileType = wrapper.framework; name = security.framework; path = System/Library/Frameworks/security.framework; sourceTree = SDKROOT; };
		6256E489595C411FBF06AAA1 /* libSupportability.a */ = {isa = PBXFileReference; fileEncoding = 4; lastKnownFileType = archive.ar; name = libSupportability.a; path = EAMMobApp/Plugins/com.sap.mp.cordova.plugins.corelibs/libSupportability.a; sourceTree = "<group>"; };
		63413E2999E54D728EA06DCF /* libODataOffline.a */ = {isa = PBXFileReference; fileEncoding = 4; lastKnownFileType = archive.ar; name = libODataOffline.a; path = EAMMobApp/Plugins/com.sap.mp.cordova.plugins.odata/libODataOffline.a; sourceTree = "<group>"; };
		653B42924B3E40F797A80812 /* libLogger.a */ = {isa = PBXFileReference; fileEncoding = 4; lastKnownFileType = archive.ar; name = libLogger.a; path = EAMMobApp/Plugins/com.sap.mp.cordova.plugins.corelibs/libLogger.a; sourceTree = "<group>"; };
		65C0DCB83D4E4010B35692D8 /* libstdc++.dylib */ = {isa = PBXFileReference; fileEncoding = 4; lastKnownFileType = "compiled.mach-o.dylib"; name = "libstdc++.dylib"; path = "usr/lib/libstdc++.dylib"; sourceTree = SDKROOT; };
		6BABCF39EEA54C07B47B1A9C /* CDVInAppBrowser.h */ = {isa = PBXFileReference; fileEncoding = 4; lastKnownFileType = sourcecode.c.h; name = CDVInAppBrowser.h; path = org.apache.cordova.inappbrowser/CDVInAppBrowser.h; sourceTree = "<group>"; };
		6D03B2B249824D5F95F285EA /* MAFLogonManagerNG.bundle */ = {isa = PBXFileReference; lastKnownFileType = "wrapper.plug-in"; path = MAFLogonManagerNG.bundle; sourceTree = "<group>"; };
		6DFE5073514742B7B842E9A9 /* libcrypto.a */ = {isa = PBXFileReference; fileEncoding = 4; lastKnownFileType = archive.ar; name = libcrypto.a; path = EAMMobApp/Plugins/com.mobileiron.cordova.appconnect/libcrypto.a; sourceTree = "<group>"; };
		72D48AB2CE3F4F6090512469 /* libcrypto.a */ = {isa = PBXFileReference; fileEncoding = 4; lastKnownFileType = archive.ar; name = libcrypto.a; path = EAMMobApp/Plugins/com.sap.mp.cordova.plugins.corelibs/libcrypto.a; sourceTree = "<group>"; };
		752AC99A4C774857820FA379 /* libClientHubSLL.a */ = {isa = PBXFileReference; fileEncoding = 4; lastKnownFileType = archive.ar; name = libClientHubSLL.a; path = EAMMobApp/Plugins/com.sap.mp.cordova.plugins.corelibs/libClientHubSLL.a; sourceTree = "<group>"; };
		7E7966D41810823500FA85AD /* icon-40.png */ = {isa = PBXFileReference; lastKnownFileType = image.png; path = "icon-40.png"; sourceTree = "<group>"; };
		7E7966D51810823500FA85AD /* icon-40@2x.png */ = {isa = PBXFileReference; lastKnownFileType = image.png; path = "icon-40@2x.png"; sourceTree = "<group>"; };
		7E7966D61810823500FA85AD /* icon-50.png */ = {isa = PBXFileReference; lastKnownFileType = image.png; path = "icon-50.png"; sourceTree = "<group>"; };
		7E7966D71810823500FA85AD /* icon-50@2x.png */ = {isa = PBXFileReference; lastKnownFileType = image.png; path = "icon-50@2x.png"; sourceTree = "<group>"; };
		7E7966D81810823500FA85AD /* icon-60.png */ = {isa = PBXFileReference; lastKnownFileType = image.png; path = "icon-60.png"; sourceTree = "<group>"; };
		7E7966D91810823500FA85AD /* icon-60@2x.png */ = {isa = PBXFileReference; lastKnownFileType = image.png; path = "icon-60@2x.png"; sourceTree = "<group>"; };
		7E7966DA1810823500FA85AD /* icon-76.png */ = {isa = PBXFileReference; lastKnownFileType = image.png; path = "icon-76.png"; sourceTree = "<group>"; };
		7E7966DB1810823500FA85AD /* icon-76@2x.png */ = {isa = PBXFileReference; lastKnownFileType = image.png; path = "icon-76@2x.png"; sourceTree = "<group>"; };
		7E7966DC1810823500FA85AD /* icon-small.png */ = {isa = PBXFileReference; lastKnownFileType = image.png; path = "icon-small.png"; sourceTree = "<group>"; };
		7E7966DD1810823500FA85AD /* icon-small@2x.png */ = {isa = PBXFileReference; lastKnownFileType = image.png; path = "icon-small@2x.png"; sourceTree = "<group>"; };
		7FFD52393711443595662E53 /* libCoreServices.a */ = {isa = PBXFileReference; fileEncoding = 4; lastKnownFileType = archive.ar; name = libCoreServices.a; path = EAMMobApp/Plugins/com.sap.mp.cordova.plugins.corelibs/libCoreServices.a; sourceTree = "<group>"; };
		80691294237548CFA17840CB /* libProtocolBuffers.a */ = {isa = PBXFileReference; fileEncoding = 4; lastKnownFileType = archive.ar; name = libProtocolBuffers.a; path = EAMMobApp/Plugins/com.mobileiron.cordova.appconnect/libProtocolBuffers.a; sourceTree = "<group>"; };
		82355FE8A48E460AAFF38797 /* libE2ETrace2.a */ = {isa = PBXFileReference; fileEncoding = 4; lastKnownFileType = archive.ar; name = libE2ETrace2.a; path = EAMMobApp/Plugins/com.sap.mp.cordova.plugins.corelibs/libE2ETrace2.a; sourceTree = "<group>"; };
		85EC7D4CF5474285946537B9 /* libConnectivity.a */ = {isa = PBXFileReference; fileEncoding = 4; lastKnownFileType = archive.ar; name = libConnectivity.a; path = EAMMobApp/Plugins/com.sap.mp.cordova.plugins.corelibs/libConnectivity.a; sourceTree = "<group>"; };
		880AF70B1A524391945366AD /* libMAFLogonManagerNG.a */ = {isa = PBXFileReference; fileEncoding = 4; lastKnownFileType = archive.ar; name = libMAFLogonManagerNG.a; path = EAMMobApp/Plugins/com.sap.mp.cordova.plugins.logon/libMAFLogonManagerNG.a; sourceTree = "<group>"; };
		8D1107310486CEB800E47090 /* EAMMobApp-Info.plist */ = {isa = PBXFileReference; fileEncoding = 4; lastKnownFileType = text.plist.xml; name = "EAMMobApp-Info.plist"; path = "../EAMMobApp-Info.plist"; plistStructureDefinitionIdentifier = "com.apple.xcode.plist.structure-definition.iphone.info-plist"; sourceTree = "<group>"; };
		97AA0F41122F420DAB6A1A88 /* AppConnect.framework */ = {isa = PBXFileReference; lastKnownFileType = wrapper.framework; name = AppConnect.framework; path = EAMMobApp/Plugins/com.mobileiron.cordova.appconnect/AppConnect.framework; sourceTree = "<group>"; };
		AD7B4CF69FC84509BE82C00E /* LocalAuthentication.framework */ = {isa = PBXFileReference; fileEncoding = 4; lastKnownFileType = wrapper.framework; name = LocalAuthentication.framework; path = System/Library/Frameworks/LocalAuthentication.framework; sourceTree = SDKROOT; };
		B288130D28B548129C1BEFA0 /* libE2ETrace.a */ = {isa = PBXFileReference; fileEncoding = 4; lastKnownFileType = archive.ar; name = libE2ETrace.a; path = EAMMobApp/Plugins/com.sap.mp.cordova.plugins.corelibs/libE2ETrace.a; sourceTree = "<group>"; };
		B2A77D3A14A24B6BA0C80097 /* libODataAPI.a */ = {isa = PBXFileReference; fileEncoding = 4; lastKnownFileType = archive.ar; name = libODataAPI.a; path = EAMMobApp/Plugins/com.sap.mp.cordova.plugins.odata/libODataAPI.a; sourceTree = "<group>"; };
		B9FDCFEC839245029718D512 /* CertificateProvider.h */ = {isa = PBXFileReference; fileEncoding = 4; lastKnownFileType = sourcecode.c.h; name = CertificateProvider.h; path = com.sap.mp.cordova.plugins.logon/CertificateProvider.h; sourceTree = "<group>"; };
		BC56B208FC004853BA89CC02 /* libSMPODataPlugin.a */ = {isa = PBXFileReference; fileEncoding = 4; lastKnownFileType = archive.ar; name = libSMPODataPlugin.a; path = EAMMobApp/Plugins/com.sap.mp.cordova.plugins.odata/libSMPODataPlugin.a; sourceTree = "<group>"; };
		C0ACDB220529461884E6ABC7 /* libAfariaSLL.a */ = {isa = PBXFileReference; fileEncoding = 4; lastKnownFileType = archive.ar; name = libAfariaSLL.a; path = EAMMobApp/Plugins/com.sap.mp.cordova.plugins.corelibs/libAfariaSLL.a; sourceTree = "<group>"; };
		CDF872242747498C9904194B /* CDVStatusBar.m */ = {isa = PBXFileReference; fileEncoding = 4; lastKnownFileType = sourcecode.c.objc; name = CDVStatusBar.m; path = org.apache.cordova.statusbar/CDVStatusBar.m; sourceTree = "<group>"; };
		D17A2031481142AEA2FC5C1E /* libMAFLogonCoreCDVPlugin.a */ = {isa = PBXFileReference; fileEncoding = 4; lastKnownFileType = archive.ar; name = libMAFLogonCoreCDVPlugin.a; path = EAMMobApp/Plugins/com.sap.mp.cordova.plugins.logon/libMAFLogonCoreCDVPlugin.a; sourceTree = "<group>"; };
		D4A0D8751607E02300AEF8BB /* Default-568h@2x~iphone.png */ = {isa = PBXFileReference; lastKnownFileType = image.png; path = "Default-568h@2x~iphone.png"; sourceTree = "<group>"; };
		DB03162F72DA4B408D53F092 /* libz.dylib */ = {isa = PBXFileReference; fileEncoding = 4; lastKnownFileType = "compiled.mach-o.dylib"; name = libz.dylib; path = usr/lib/libz.dylib; sourceTree = SDKROOT; };
		E287EA9705CA47009A6E4077 /* CoreData.framework */ = {isa = PBXFileReference; fileEncoding = 4; lastKnownFileType = wrapper.framework; name = CoreData.framework; path = System/Library/Frameworks/CoreData.framework; sourceTree = SDKROOT; };
		EB87FDF21871DA7A0020F90C /* merges */ = {isa = PBXFileReference; lastKnownFileType = folder; name = merges; path = ../../merges; sourceTree = "<group>"; };
		EB87FDF31871DA8E0020F90C /* www */ = {isa = PBXFileReference; lastKnownFileType = folder; name = www; path = ../../www; sourceTree = "<group>"; };
		EB87FDF41871DAF40020F90C /* config.xml */ = {isa = PBXFileReference; lastKnownFileType = text.xml; name = config.xml; path = ../../config.xml; sourceTree = "<group>"; };
		F0C615ACAF944323BCC7AD42 /* libMAFLogger.a */ = {isa = PBXFileReference; fileEncoding = 4; lastKnownFileType = archive.ar; name = libMAFLogger.a; path = EAMMobApp/Plugins/com.sap.mp.cordova.plugins.logon/libMAFLogger.a; sourceTree = "<group>"; };
		F41A6991E9824547891A1BE9 /* libRequest.a */ = {isa = PBXFileReference; fileEncoding = 4; lastKnownFileType = archive.ar; name = libRequest.a; path = EAMMobApp/Plugins/com.sap.mp.cordova.plugins.corelibs/libRequest.a; sourceTree = "<group>"; };
		F840E1F0165FE0F500CFE078 /* config.xml */ = {isa = PBXFileReference; lastKnownFileType = text.xml; name = config.xml; path = EAMMobApp/config.xml; sourceTree = "<group>"; };
/* End PBXFileReference section */

/* Begin PBXFrameworksBuildPhase section */
		1D60588F0D05DD3D006BFB54 /* Frameworks */ = {
			isa = PBXFrameworksBuildPhase;
			buildActionMask = 2147483647;
			files = (
				5B1594DD16A7569C00FEF299 /* AssetsLibrary.framework in Frameworks */,
				301BF552109A68D80062928A /* libCordova.a in Frameworks */,
				288765FD0DF74451002DB57D /* CoreGraphics.framework in Frameworks */,
				305D5FD1115AB8F900A74A75 /* MobileCoreServices.framework in Frameworks */,
				1C923B301DFB4188BE5D2032 /* libConnectivity.a in Frameworks */,
				40F3EC687A5F4E889FC983DE /* libRequest.a in Frameworks */,
				5CCC2BCA2DA9413E8A7B6F7A /* libE2ETrace.a in Frameworks */,
				516010298CA3461F9ADD65E9 /* libCoreServices.a in Frameworks */,
				AB86A9CAAB2C4B1593272E51 /* libClientHubSLL.a in Frameworks */,
				8497DCF85CC14BEC877DE0B7 /* libLogger.a in Frameworks */,
				A98A48DCC6A042A29CF5E32A /* libHttpConversation.a in Frameworks */,
				1313D0870C5E45AE9EF1AF6A /* libHttpConvAuthFlows.a in Frameworks */,
				A9BC6C4ACDCE422DBEBD5C18 /* libSupportability.a in Frameworks */,
				F331058FB7834BEDA722C687 /* libClientLog.a in Frameworks */,
				BB07D5B3347F48DAB0A38854 /* libE2ETrace2.a in Frameworks */,
				C3AE86584C4D46178B794D97 /* libAfariaSLL.a in Frameworks */,
				0BD57F6C378C43D1BEC0A101 /* libDatavault.a in Frameworks */,
				4EB53BC3BA364C82AFF3DC0A /* libPerformanceLib.a in Frameworks */,
				CE2E3E329A1B4D79A98CAF0F /* libSMPCoreLib.a in Frameworks */,
				07CDD3AECC674E84A8B57A93 /* libcrypto.a in Frameworks */,
				79C7C801DD284B8FB0048A94 /* libz.dylib in Frameworks */,
				6BC14EC14ADA4B2B96CC379C /* libstdc++.dylib in Frameworks */,
				4AE814CB1C414E6F89EF5F50 /* libc++.dylib in Frameworks */,
				12CDC2A98A204A81930421AA /* libsqlite3.dylib in Frameworks */,
				B7B6921C99DF449684A29380 /* Security.framework in Frameworks */,
				96D9ACF6F49D47DBBECE9C36 /* MessageUI.framework in Frameworks */,
				6F8745D181E94CF8ADBF6A53 /* CFNetwork.framework in Frameworks */,
				9E5B9C68E184418A8039309C /* SystemConfiguration.framework in Frameworks */,
				58F548417A5D4744AD50C681 /* CoreData.framework in Frameworks */,
				3F051B256C784830A78CF8A0 /* libSMPAuthProxyPlugin.a in Frameworks */,
				9798EC9CFC124FDD81733AE2 /* libMAFLogger.a in Frameworks */,
				CBCE315C32B14A548A3B003B /* libMAFLogonCoreCDVPlugin.a in Frameworks */,
				3FCF5B6F609D485BAFEE9240 /* libMAFLogonManagerNG.a in Frameworks */,
				E3FB1ED40E3D46819ECAC786 /* libSMPEncryptedStoragePlugin.a in Frameworks */,
				A057A4422B2F47F8B93C3011 /* security.framework in Frameworks */,
				899386E704B1497B8029CCC8 /* libODataAPI.a in Frameworks */,
				A91E24684F424396B3A6B9A8 /* libODataOffline.a in Frameworks */,
				106E9DB8454240369AA07D87 /* libSMPODataPlugin.a in Frameworks */,
				5E5F4F9D042B4CE381D74DF1 /* libAppConnectCordovaPlugin.a in Frameworks */,
				20DE57C071B349A4A9774ED2 /* libcrypto.a in Frameworks */,
				92B1CEBE1EAB449AA50581F1 /* libProtocolBuffers.a in Frameworks */,
				504DA2CA3D6247B2A9E07AE5 /* AppConnect.framework in Frameworks */,
				26B1673C7525431EBCAC6DD0 /* LocalAuthentication.framework in Frameworks */,
			);
			runOnlyForDeploymentPostprocessing = 0;
		};
/* End PBXFrameworksBuildPhase section */

/* Begin PBXGroup section */
		080E96DDFE201D6D7F000001 /* Classes */ = {
			isa = PBXGroup;
			children = (
				302D95EE14D2391D003F00A1 /* MainViewController.h */,
				302D95EF14D2391D003F00A1 /* MainViewController.m */,
				302D95F014D2391D003F00A1 /* MainViewController.xib */,
				1D3623240D0F684500981E51 /* AppDelegate.h */,
				1D3623250D0F684500981E51 /* AppDelegate.m */,
			);
			name = Classes;
			path = EAMMobApp/Classes;
			sourceTree = SOURCE_ROOT;
		};
		19C28FACFE9D520D11CA2CBB /* Products */ = {
			isa = PBXGroup;
			children = (
				1D6058910D05DD3D006BFB54 /* EAMMobApp.app */,
			);
			name = Products;
			sourceTree = "<group>";
		};
		1F766FDB13BBADB100FB74C0 /* en.lproj */ = {
			isa = PBXGroup;
			children = (
				1F766FDC13BBADB100FB74C0 /* Localizable.strings */,
			);
			path = en.lproj;
			sourceTree = "<group>";
		};
		1F766FDE13BBADB100FB74C0 /* es.lproj */ = {
			isa = PBXGroup;
			children = (
				1F766FDF13BBADB100FB74C0 /* Localizable.strings */,
			);
			path = es.lproj;
			sourceTree = "<group>";
		};
		29B97314FDCFA39411CA2CEA /* CustomTemplate */ = {
			isa = PBXGroup;
			children = (
				3D1B13CC1ADC4766001B08FA /* AppConnect.plist */,
				EB87FDF41871DAF40020F90C /* config.xml */,
				EB87FDF31871DA8E0020F90C /* www */,
				EB87FDF21871DA7A0020F90C /* merges */,
				EB87FDF11871DA420020F90C /* Staging */,
				301BF52D109A57CC0062928A /* CordovaLib.xcodeproj */,
				080E96DDFE201D6D7F000001 /* Classes */,
				307C750510C5A3420062BCA9 /* Plugins */,
				29B97315FDCFA39411CA2CEA /* Other Sources */,
				29B97317FDCFA39411CA2CEA /* Resources */,
				29B97323FDCFA39411CA2CEA /* Frameworks */,
				19C28FACFE9D520D11CA2CBB /* Products */,
			);
			name = CustomTemplate;
			sourceTree = "<group>";
		};
		29B97315FDCFA39411CA2CEA /* Other Sources */ = {
			isa = PBXGroup;
			children = (
				32CA4F630368D1EE00C91783 /* EAMMobApp-Prefix.pch */,
				29B97316FDCFA39411CA2CEA /* main.m */,
			);
			name = "Other Sources";
			path = EAMMobApp;
			sourceTree = "<group>";
		};
		29B97317FDCFA39411CA2CEA /* Resources */ = {
			isa = PBXGroup;
			children = (
				30A0434214DC770100060A13 /* de.lproj */,
				30A0434514DC770100060A13 /* se.lproj */,
				1F766FDB13BBADB100FB74C0 /* en.lproj */,
				1F766FDE13BBADB100FB74C0 /* es.lproj */,
				308D052D1370CCF300D202BF /* icons */,
				308D05311370CCF300D202BF /* splash */,
				8D1107310486CEB800E47090 /* EAMMobApp-Info.plist */,
				4ABD6FF420CF44A1A1DB276A /* Certificate.xcassets */,
				51007F828C3849A6A1BD119B /* HttpConvAuthFlows.bundle */,
				6D03B2B249824D5F95F285EA /* MAFLogonManagerNG.bundle */,
				07B608CC8EA5447C88E62B11 /* AppConnectResources.bundle */,
			);
			name = Resources;
			path = EAMMobApp/Resources;
			sourceTree = "<group>";
		};
		29B97323FDCFA39411CA2CEA /* Frameworks */ = {
			isa = PBXGroup;
			children = (
				5B1594DC16A7569C00FEF299 /* AssetsLibrary.framework */,
				288765FC0DF74451002DB57D /* CoreGraphics.framework */,
				305D5FD0115AB8F900A74A75 /* MobileCoreServices.framework */,
				85EC7D4CF5474285946537B9 /* libConnectivity.a */,
				F41A6991E9824547891A1BE9 /* libRequest.a */,
				B288130D28B548129C1BEFA0 /* libE2ETrace.a */,
				7FFD52393711443595662E53 /* libCoreServices.a */,
				752AC99A4C774857820FA379 /* libClientHubSLL.a */,
				653B42924B3E40F797A80812 /* libLogger.a */,
				501110B26B0545C6B6AC6202 /* libHttpConversation.a */,
				279B812FA7724290B8F498EC /* libHttpConvAuthFlows.a */,
				6256E489595C411FBF06AAA1 /* libSupportability.a */,
				48F0334C4B0B455F9C97F843 /* libClientLog.a */,
				82355FE8A48E460AAFF38797 /* libE2ETrace2.a */,
				C0ACDB220529461884E6ABC7 /* libAfariaSLL.a */,
				436C7DB67BE747EC9E95C760 /* libDatavault.a */,
				1150C750ED93417393B4581E /* libPerformanceLib.a */,
				14F4CD4181FF429BABC21E45 /* libSMPCoreLib.a */,
				72D48AB2CE3F4F6090512469 /* libcrypto.a */,
				DB03162F72DA4B408D53F092 /* libz.dylib */,
				65C0DCB83D4E4010B35692D8 /* libstdc++.dylib */,
				2628A5F3FE3D4F2599D2476A /* libc++.dylib */,
				30F391FAAA7D45AFA8DC1EE5 /* libsqlite3.dylib */,
				47CFE8E382E5465DAB5514A5 /* Security.framework */,
				3A6035CBDBB2401A9147BE4A /* MessageUI.framework */,
				20B649E3624A44BDBAB45986 /* CFNetwork.framework */,
				28B0A5A14F714E75AC763892 /* SystemConfiguration.framework */,
				E287EA9705CA47009A6E4077 /* CoreData.framework */,
				1C344DB5FB4841EDA3D0ECA4 /* libSMPAuthProxyPlugin.a */,
				F0C615ACAF944323BCC7AD42 /* libMAFLogger.a */,
				D17A2031481142AEA2FC5C1E /* libMAFLogonCoreCDVPlugin.a */,
				880AF70B1A524391945366AD /* libMAFLogonManagerNG.a */,
				4B541F3F10CD4B1087F6787A /* libSMPEncryptedStoragePlugin.a */,
				5D9F14DAB3C34651ACD57F12 /* security.framework */,
				B2A77D3A14A24B6BA0C80097 /* libODataAPI.a */,
				63413E2999E54D728EA06DCF /* libODataOffline.a */,
				BC56B208FC004853BA89CC02 /* libSMPODataPlugin.a */,
				3B903A08C92A43DFACD16512 /* libAppConnectCordovaPlugin.a */,
				6DFE5073514742B7B842E9A9 /* libcrypto.a */,
				80691294237548CFA17840CB /* libProtocolBuffers.a */,
				97AA0F41122F420DAB6A1A88 /* AppConnect.framework */,
				AD7B4CF69FC84509BE82C00E /* LocalAuthentication.framework */,
			);
			name = Frameworks;
			sourceTree = "<group>";
		};
		301BF52E109A57CC0062928A /* Products */ = {
			isa = PBXGroup;
			children = (
				301BF535109A57CC0062928A /* libCordova.a */,
			);
			name = Products;
			sourceTree = "<group>";
		};
		307C750510C5A3420062BCA9 /* Plugins */ = {
			isa = PBXGroup;
			children = (
				46D72F034D014BF9ACBDCD5C /* CDVDevice.m */,
				5C2673F2F42842EAA604F73C /* CDVDevice.h */,
				143B9F9A4095431DBDCD5D4A /* CDVInAppBrowser.m */,
				6BABCF39EEA54C07B47B1A9C /* CDVInAppBrowser.h */,
				B9FDCFEC839245029718D512 /* CertificateProvider.h */,
				CDF872242747498C9904194B /* CDVStatusBar.m */,
				02BA643E48E94239A8C3D79B /* CDVStatusBar.h */,
			);
			name = Plugins;
			path = EAMMobApp/Plugins;
			sourceTree = SOURCE_ROOT;
		};
		308D052D1370CCF300D202BF /* icons */ = {
			isa = PBXGroup;
			children = (
				7E7966D41810823500FA85AD /* icon-40.png */,
				7E7966D51810823500FA85AD /* icon-40@2x.png */,
				7E7966D61810823500FA85AD /* icon-50.png */,
				7E7966D71810823500FA85AD /* icon-50@2x.png */,
				7E7966D81810823500FA85AD /* icon-60.png */,
				7E7966D91810823500FA85AD /* icon-60@2x.png */,
				7E7966DA1810823500FA85AD /* icon-76.png */,
				7E7966DB1810823500FA85AD /* icon-76@2x.png */,
				7E7966DC1810823500FA85AD /* icon-small.png */,
				7E7966DD1810823500FA85AD /* icon-small@2x.png */,
				30FC414816E50CA1004E6F35 /* icon-72@2x.png */,
				308D052E1370CCF300D202BF /* icon-72.png */,
				308D052F1370CCF300D202BF /* icon.png */,
				308D05301370CCF300D202BF /* icon@2x.png */,
			);
			path = icons;
			sourceTree = "<group>";
		};
		308D05311370CCF300D202BF /* splash */ = {
			isa = PBXGroup;
			children = (
				D4A0D8751607E02300AEF8BB /* Default-568h@2x~iphone.png */,
				3088BBB7154F3926009F9C59 /* Default-Landscape@2x~ipad.png */,
				3088BBB8154F3926009F9C59 /* Default-Landscape~ipad.png */,
				3088BBB9154F3926009F9C59 /* Default-Portrait@2x~ipad.png */,
				3088BBBA154F3926009F9C59 /* Default-Portrait~ipad.png */,
				3088BBBB154F3926009F9C59 /* Default@2x~iphone.png */,
				3088BBBC154F3926009F9C59 /* Default~iphone.png */,
			);
			path = splash;
			sourceTree = "<group>";
		};
		30A0434214DC770100060A13 /* de.lproj */ = {
			isa = PBXGroup;
			children = (
				30A0434314DC770100060A13 /* Localizable.strings */,
			);
			path = de.lproj;
			sourceTree = "<group>";
		};
		30A0434514DC770100060A13 /* se.lproj */ = {
			isa = PBXGroup;
			children = (
				30A0434614DC770100060A13 /* Localizable.strings */,
			);
			path = se.lproj;
			sourceTree = "<group>";
		};
		EB87FDF11871DA420020F90C /* Staging */ = {
			isa = PBXGroup;
			children = (
				F840E1F0165FE0F500CFE078 /* config.xml */,
				301BF56E109A69640062928A /* www */,
			);
			name = Staging;
			sourceTree = "<group>";
		};
/* End PBXGroup section */

/* Begin PBXNativeTarget section */
		1D6058900D05DD3D006BFB54 /* EAMMobApp */ = {
			isa = PBXNativeTarget;
			buildConfigurationList = 1D6058960D05DD3E006BFB54 /* Build configuration list for PBXNativeTarget "EAMMobApp" */;
			buildPhases = (
				304B58A110DAC018002A0835 /* Copy www directory */,
				1D60588D0D05DD3D006BFB54 /* Resources */,
				1D60588E0D05DD3D006BFB54 /* Sources */,
				1D60588F0D05DD3D006BFB54 /* Frameworks */,
			);
			buildRules = (
			);
			dependencies = (
				301BF551109A68C00062928A /* PBXTargetDependency */,
			);
			name = EAMMobApp;
			productName = EAMMobApp;
			productReference = 1D6058910D05DD3D006BFB54 /* EAMMobApp.app */;
			productType = "com.apple.product-type.application";
		};
/* End PBXNativeTarget section */

/* Begin PBXProject section */
		29B97313FDCFA39411CA2CEA /* Project object */ = {
			isa = PBXProject;
			attributes = {
				LastUpgradeCheck = 510;
				TargetAttributes = {
					1D6058900D05DD3D006BFB54 = {
						DevelopmentTeam = LU2827827G;
					};
				};
			};
			buildConfigurationList = C01FCF4E08A954540054247B /* Build configuration list for PBXProject "EAMMobApp" */;
			compatibilityVersion = "Xcode 3.2";
			developmentRegion = English;
			hasScannedForEncodings = 1;
			knownRegions = (
				English,
				Japanese,
				French,
				German,
				en,
				es,
				de,
				se,
			);
			mainGroup = 29B97314FDCFA39411CA2CEA /* CustomTemplate */;
			projectDirPath = "";
			projectReferences = (
				{
					ProductGroup = 301BF52E109A57CC0062928A /* Products */;
					ProjectRef = 301BF52D109A57CC0062928A /* CordovaLib.xcodeproj */;
				},
			);
			projectRoot = "";
			targets = (
				1D6058900D05DD3D006BFB54 /* EAMMobApp */,
			);
		};
/* End PBXProject section */

/* Begin PBXReferenceProxy section */
		301BF535109A57CC0062928A /* libCordova.a */ = {
			isa = PBXReferenceProxy;
			fileType = archive.ar;
			path = libCordova.a;
			remoteRef = 301BF534109A57CC0062928A /* PBXContainerItemProxy */;
			sourceTree = BUILT_PRODUCTS_DIR;
		};
/* End PBXReferenceProxy section */

/* Begin PBXResourcesBuildPhase section */
		1D60588D0D05DD3D006BFB54 /* Resources */ = {
			isa = PBXResourcesBuildPhase;
			buildActionMask = 2147483647;
			files = (
				7E7966E41810823500FA85AD /* icon-76.png in Resources */,
				7E7966DF1810823500FA85AD /* icon-40@2x.png in Resources */,
				308D05371370CCF300D202BF /* icon-72.png in Resources */,
				308D05381370CCF300D202BF /* icon.png in Resources */,
				308D05391370CCF300D202BF /* icon@2x.png in Resources */,
				1F766FE113BBADB100FB74C0 /* Localizable.strings in Resources */,
				302D95F214D2391D003F00A1 /* MainViewController.xib in Resources */,
				7E7966E01810823500FA85AD /* icon-50.png in Resources */,
				7E7966E31810823500FA85AD /* icon-60@2x.png in Resources */,
				30A0434814DC770100060A13 /* Localizable.strings in Resources */,
				7E7966E61810823500FA85AD /* icon-small.png in Resources */,
				3088BBBD154F3926009F9C59 /* Default-Landscape@2x~ipad.png in Resources */,
				3088BBBE154F3926009F9C59 /* Default-Landscape~ipad.png in Resources */,
				3088BBBF154F3926009F9C59 /* Default-Portrait@2x~ipad.png in Resources */,
				7E7966E71810823500FA85AD /* icon-small@2x.png in Resources */,
				3088BBC0154F3926009F9C59 /* Default-Portrait~ipad.png in Resources */,
				7E7966DE1810823500FA85AD /* icon-40.png in Resources */,
				3088BBC1154F3926009F9C59 /* Default@2x~iphone.png in Resources */,
				7E7966E21810823500FA85AD /* icon-60.png in Resources */,
				3088BBC2154F3926009F9C59 /* Default~iphone.png in Resources */,
				D4A0D8761607E02300AEF8BB /* Default-568h@2x~iphone.png in Resources */,
				7E7966E11810823500FA85AD /* icon-50@2x.png in Resources */,
				7E7966E51810823500FA85AD /* icon-76@2x.png in Resources */,
				30FC414916E50CA1004E6F35 /* icon-72@2x.png in Resources */,
				3D1B13CD1ADC4766001B08FA /* AppConnect.plist in Resources */,
				7F9831A0C0C84CA493C50424 /* Certificate.xcassets in Resources */,
				A820C220B2E04AFBAC32972A /* HttpConvAuthFlows.bundle in Resources */,
				CFD578F5B359458090B6CE16 /* MAFLogonManagerNG.bundle in Resources */,
				E37EAB2C8E8441CD831A52BE /* AppConnectResources.bundle in Resources */,
			);
			runOnlyForDeploymentPostprocessing = 0;
		};
/* End PBXResourcesBuildPhase section */

/* Begin PBXShellScriptBuildPhase section */
		304B58A110DAC018002A0835 /* Copy www directory */ = {
			isa = PBXShellScriptBuildPhase;
			buildActionMask = 2147483647;
			files = (
			);
			inputPaths = (
			);
			name = "Copy www directory";
			outputPaths = (
			);
			runOnlyForDeploymentPostprocessing = 0;
			shellPath = /bin/sh;
			shellScript = "cordova/lib/copy-www-build-step.sh";
			showEnvVarsInLog = 0;
		};
/* End PBXShellScriptBuildPhase section */

/* Begin PBXSourcesBuildPhase section */
		1D60588E0D05DD3D006BFB54 /* Sources */ = {
			isa = PBXSourcesBuildPhase;
			buildActionMask = 2147483647;
			files = (
				1D60589B0D05DD56006BFB54 /* main.m in Sources */,
				1D3623260D0F684500981E51 /* AppDelegate.m in Sources */,
				302D95F114D2391D003F00A1 /* MainViewController.m in Sources */,
				CB41EBC7805B4C6E83C134D2 /* CDVDevice.m in Sources */,
				FB46AB6647B847C88F9C3FB8 /* CDVInAppBrowser.m in Sources */,
				B5EF6E018CD24D9493F8B58D /* CDVStatusBar.m in Sources */,
			);
			runOnlyForDeploymentPostprocessing = 0;
		};
/* End PBXSourcesBuildPhase section */

/* Begin PBXTargetDependency section */
		301BF551109A68C00062928A /* PBXTargetDependency */ = {
			isa = PBXTargetDependency;
			name = CordovaLib;
			targetProxy = 301BF550109A68C00062928A /* PBXContainerItemProxy */;
		};
/* End PBXTargetDependency section */

/* Begin PBXVariantGroup section */
		1F766FDC13BBADB100FB74C0 /* Localizable.strings */ = {
			isa = PBXVariantGroup;
			children = (
				1F766FDD13BBADB100FB74C0 /* en */,
			);
			name = Localizable.strings;
			sourceTree = "<group>";
		};
		1F766FDF13BBADB100FB74C0 /* Localizable.strings */ = {
			isa = PBXVariantGroup;
			children = (
				1F766FE013BBADB100FB74C0 /* es */,
			);
			name = Localizable.strings;
			sourceTree = "<group>";
		};
		30A0434314DC770100060A13 /* Localizable.strings */ = {
			isa = PBXVariantGroup;
			children = (
				30A0434414DC770100060A13 /* de */,
			);
			name = Localizable.strings;
			sourceTree = "<group>";
		};
		30A0434614DC770100060A13 /* Localizable.strings */ = {
			isa = PBXVariantGroup;
			children = (
				30A0434714DC770100060A13 /* se */,
			);
			name = Localizable.strings;
			sourceTree = "<group>";
		};
/* End PBXVariantGroup section */

/* Begin XCBuildConfiguration section */
		1D6058940D05DD3E006BFB54 /* Debug */ = {
			isa = XCBuildConfiguration;
			buildSettings = {
				ALWAYS_SEARCH_USER_PATHS = NO;
				CLANG_ENABLE_OBJC_ARC = YES;
				CODE_SIGN_IDENTITY = "iPhone Developer";
				"CODE_SIGN_IDENTITY[sdk=iphoneos*]" = "iPhone Developer";
				COPY_PHASE_STRIP = NO;
				FRAMEWORK_SEARCH_PATHS = (
					"$(inherited)",
					"\"EAMMobApp/Plugins/com.mobileiron.cordova.appconnect\"",
				);
				GCC_DYNAMIC_NO_PIC = NO;
				GCC_OPTIMIZATION_LEVEL = 0;
				GCC_PRECOMPILE_PREFIX_HEADER = YES;
				GCC_PREFIX_HEADER = "EAMMobApp/EAMMobApp-Prefix.pch";
				GCC_THUMB_SUPPORT = NO;
				GCC_VERSION = "";
				INFOPLIST_FILE = "EAMMobApp/EAMMobApp-Info.plist";
				IPHONEOS_DEPLOYMENT_TARGET = 6.0;
				LIBRARY_SEARCH_PATHS = (
					"$(inherited)",
					"\"$(SRCROOT)/EAMMobApp/Plugins/com.sap.mp.cordova.plugins.corelibs\"",
					"\"$(SRCROOT)/EAMMobApp/Plugins/com.sap.mp.cordova.plugins.corelibs\"",
					"\"$(SRCROOT)/EAMMobApp/Plugins/com.sap.mp.cordova.plugins.corelibs\"",
					"\"$(SRCROOT)/EAMMobApp/Plugins/com.sap.mp.cordova.plugins.corelibs\"",
					"\"$(SRCROOT)/EAMMobApp/Plugins/com.sap.mp.cordova.plugins.corelibs\"",
					"\"$(SRCROOT)/EAMMobApp/Plugins/com.sap.mp.cordova.plugins.corelibs\"",
					"\"$(SRCROOT)/EAMMobApp/Plugins/com.sap.mp.cordova.plugins.corelibs\"",
					"\"$(SRCROOT)/EAMMobApp/Plugins/com.sap.mp.cordova.plugins.corelibs\"",
					"\"$(SRCROOT)/EAMMobApp/Plugins/com.sap.mp.cordova.plugins.corelibs\"",
					"\"$(SRCROOT)/EAMMobApp/Plugins/com.sap.mp.cordova.plugins.corelibs\"",
					"\"$(SRCROOT)/EAMMobApp/Plugins/com.sap.mp.cordova.plugins.corelibs\"",
					"\"$(SRCROOT)/EAMMobApp/Plugins/com.sap.mp.cordova.plugins.corelibs\"",
					"\"$(SRCROOT)/EAMMobApp/Plugins/com.sap.mp.cordova.plugins.corelibs\"",
					"\"$(SRCROOT)/EAMMobApp/Plugins/com.sap.mp.cordova.plugins.corelibs\"",
					"\"$(SRCROOT)/EAMMobApp/Plugins/com.sap.mp.cordova.plugins.corelibs\"",
					"\"$(SRCROOT)/EAMMobApp/Plugins/com.sap.mp.cordova.plugins.corelibs\"",
					"\"$(SRCROOT)/EAMMobApp/Plugins/com.sap.mp.cordova.plugins.authproxy\"",
					"\"$(SRCROOT)/EAMMobApp/Plugins/com.sap.mp.cordova.plugins.logon\"",
					"\"$(SRCROOT)/EAMMobApp/Plugins/com.sap.mp.cordova.plugins.logon\"",
					"\"$(SRCROOT)/EAMMobApp/Plugins/com.sap.mp.cordova.plugins.logon\"",
					"\"$(SRCROOT)/EAMMobApp/Plugins/com.sap.mp.cordova.plugins.encryptedstorage\"",
					"\"$(SRCROOT)/EAMMobApp/Plugins/com.sap.mp.cordova.plugins.odata\"",
					"\"$(SRCROOT)/EAMMobApp/Plugins/com.sap.mp.cordova.plugins.odata\"",
					"\"$(SRCROOT)/EAMMobApp/Plugins/com.sap.mp.cordova.plugins.odata\"",
					"\"$(SRCROOT)/EAMMobApp/Plugins/com.mobileiron.cordova.appconnect\"",
					"\"$(SRCROOT)/EAMMobApp/Plugins/com.mobileiron.cordova.appconnect\"",
					"\"$(SRCROOT)/EAMMobApp/Plugins/com.mobileiron.cordova.appconnect\"",
				);
				OTHER_LDFLAGS = (
					"-weak_framework",
					CoreFoundation,
					"-weak_framework",
					UIKit,
					"-weak_framework",
					AVFoundation,
					"-weak_framework",
					CoreMedia,
					"-weak-lSystem",
					"-force_load",
					"\"$(BUILT_PRODUCTS_DIR)/libCordova.a\"",
					"-ObjC",
				);
				PRODUCT_NAME = EAMMobApp;
				PROVISIONING_PROFILE = "";
				TARGETED_DEVICE_FAMILY = "1,2";
			};
			name = Debug;
		};
		1D6058950D05DD3E006BFB54 /* Release */ = {
			isa = XCBuildConfiguration;
			buildSettings = {
				ALWAYS_SEARCH_USER_PATHS = NO;
				CLANG_ENABLE_OBJC_ARC = YES;
				CODE_SIGN_IDENTITY = "iPhone Developer";
				"CODE_SIGN_IDENTITY[sdk=iphoneos*]" = "iPhone Developer";
				COPY_PHASE_STRIP = YES;
				FRAMEWORK_SEARCH_PATHS = (
					"$(inherited)",
					"\"EAMMobApp/Plugins/com.mobileiron.cordova.appconnect\"",
				);
				GCC_PRECOMPILE_PREFIX_HEADER = YES;
				GCC_PREFIX_HEADER = "EAMMobApp/EAMMobApp-Prefix.pch";
				GCC_THUMB_SUPPORT = NO;
				GCC_VERSION = "";
				INFOPLIST_FILE = "EAMMobApp/EAMMobApp-Info.plist";
				IPHONEOS_DEPLOYMENT_TARGET = 6.0;
				LIBRARY_SEARCH_PATHS = (
					"$(inherited)",
					"\"$(SRCROOT)/EAMMobApp/Plugins/com.sap.mp.cordova.plugins.corelibs\"",
					"\"$(SRCROOT)/EAMMobApp/Plugins/com.sap.mp.cordova.plugins.corelibs\"",
					"\"$(SRCROOT)/EAMMobApp/Plugins/com.sap.mp.cordova.plugins.corelibs\"",
					"\"$(SRCROOT)/EAMMobApp/Plugins/com.sap.mp.cordova.plugins.corelibs\"",
					"\"$(SRCROOT)/EAMMobApp/Plugins/com.sap.mp.cordova.plugins.corelibs\"",
					"\"$(SRCROOT)/EAMMobApp/Plugins/com.sap.mp.cordova.plugins.corelibs\"",
					"\"$(SRCROOT)/EAMMobApp/Plugins/com.sap.mp.cordova.plugins.corelibs\"",
					"\"$(SRCROOT)/EAMMobApp/Plugins/com.sap.mp.cordova.plugins.corelibs\"",
					"\"$(SRCROOT)/EAMMobApp/Plugins/com.sap.mp.cordova.plugins.corelibs\"",
					"\"$(SRCROOT)/EAMMobApp/Plugins/com.sap.mp.cordova.plugins.corelibs\"",
					"\"$(SRCROOT)/EAMMobApp/Plugins/com.sap.mp.cordova.plugins.corelibs\"",
					"\"$(SRCROOT)/EAMMobApp/Plugins/com.sap.mp.cordova.plugins.corelibs\"",
					"\"$(SRCROOT)/EAMMobApp/Plugins/com.sap.mp.cordova.plugins.corelibs\"",
					"\"$(SRCROOT)/EAMMobApp/Plugins/com.sap.mp.cordova.plugins.corelibs\"",
					"\"$(SRCROOT)/EAMMobApp/Plugins/com.sap.mp.cordova.plugins.corelibs\"",
					"\"$(SRCROOT)/EAMMobApp/Plugins/com.sap.mp.cordova.plugins.corelibs\"",
					"\"$(SRCROOT)/EAMMobApp/Plugins/com.sap.mp.cordova.plugins.authproxy\"",
					"\"$(SRCROOT)/EAMMobApp/Plugins/com.sap.mp.cordova.plugins.logon\"",
					"\"$(SRCROOT)/EAMMobApp/Plugins/com.sap.mp.cordova.plugins.logon\"",
					"\"$(SRCROOT)/EAMMobApp/Plugins/com.sap.mp.cordova.plugins.logon\"",
					"\"$(SRCROOT)/EAMMobApp/Plugins/com.sap.mp.cordova.plugins.encryptedstorage\"",
					"\"$(SRCROOT)/EAMMobApp/Plugins/com.sap.mp.cordova.plugins.odata\"",
					"\"$(SRCROOT)/EAMMobApp/Plugins/com.sap.mp.cordova.plugins.odata\"",
					"\"$(SRCROOT)/EAMMobApp/Plugins/com.sap.mp.cordova.plugins.odata\"",
					"\"$(SRCROOT)/EAMMobApp/Plugins/com.mobileiron.cordova.appconnect\"",
					"\"$(SRCROOT)/EAMMobApp/Plugins/com.mobileiron.cordova.appconnect\"",
					"\"$(SRCROOT)/EAMMobApp/Plugins/com.mobileiron.cordova.appconnect\"",
				);
				OTHER_LDFLAGS = (
					"-weak_framework",
					CoreFoundation,
					"-weak_framework",
					UIKit,
					"-weak_framework",
					AVFoundation,
					"-weak_framework",
					CoreMedia,
					"-weak-lSystem",
					"-force_load",
					"\"$(BUILT_PRODUCTS_DIR)/libCordova.a\"",
					"-ObjC",
				);
				PRODUCT_NAME = EAMMobApp;
				PROVISIONING_PROFILE = "";
				TARGETED_DEVICE_FAMILY = "1,2";
			};
			name = Release;
		};
		C01FCF4F08A954540054247B /* Debug */ = {
			isa = XCBuildConfiguration;
			buildSettings = {
				CLANG_ENABLE_OBJC_ARC = YES;
				CLANG_WARN_BOOL_CONVERSION = YES;
				CLANG_WARN_CONSTANT_CONVERSION = YES;
				CLANG_WARN_EMPTY_BODY = YES;
				CLANG_WARN_ENUM_CONVERSION = YES;
				CLANG_WARN_INT_CONVERSION = YES;
				CLANG_WARN__DUPLICATE_METHOD_MATCH = YES;
				"CODE_SIGN_IDENTITY[sdk=iphoneos*]" = "iPhone Developer";
				GCC_C_LANGUAGE_STANDARD = c99;
				GCC_THUMB_SUPPORT = NO;
				GCC_VERSION = "";
				GCC_WARN_ABOUT_RETURN_TYPE = YES;
				GCC_WARN_UNDECLARED_SELECTOR = YES;
				GCC_WARN_UNINITIALIZED_AUTOS = YES;
				GCC_WARN_UNUSED_FUNCTION = YES;
				GCC_WARN_UNUSED_VARIABLE = YES;
				HEADER_SEARCH_PATHS = (
					"\"$(TARGET_BUILD_DIR)/usr/local/lib/include\"",
					"\"$(OBJROOT)/UninstalledProducts/include\"",
					"\"$(BUILT_PRODUCTS_DIR)\"",
				);
				IPHONEOS_DEPLOYMENT_TARGET = 6.0;
				ONLY_ACTIVE_ARCH = YES;
				OTHER_LDFLAGS = (
					"-weak_framework",
					CoreFoundation,
					"-weak_framework",
					UIKit,
					"-weak_framework",
					AVFoundation,
					"-weak_framework",
					CoreMedia,
					"-weak-lSystem",
					"-force_load",
					"\"$(BUILT_PRODUCTS_DIR)/libCordova.a\"",
					"-ObjC",
				);
				SDKROOT = iphoneos;
				SKIP_INSTALL = NO;
				USER_HEADER_SEARCH_PATHS = "";
			};
			name = Debug;
		};
		C01FCF5008A954540054247B /* Release */ = {
			isa = XCBuildConfiguration;
			buildSettings = {
				CLANG_ENABLE_OBJC_ARC = YES;
				CLANG_WARN_BOOL_CONVERSION = YES;
				CLANG_WARN_CONSTANT_CONVERSION = YES;
				CLANG_WARN_EMPTY_BODY = YES;
				CLANG_WARN_ENUM_CONVERSION = YES;
				CLANG_WARN_INT_CONVERSION = YES;
				CLANG_WARN__DUPLICATE_METHOD_MATCH = YES;
				"CODE_SIGN_IDENTITY[sdk=iphoneos*]" = "iPhone Developer";
				GCC_C_LANGUAGE_STANDARD = c99;
				GCC_THUMB_SUPPORT = NO;
				GCC_VERSION = "";
				GCC_WARN_ABOUT_RETURN_TYPE = YES;
				GCC_WARN_UNDECLARED_SELECTOR = YES;
				GCC_WARN_UNINITIALIZED_AUTOS = YES;
				GCC_WARN_UNUSED_FUNCTION = YES;
				GCC_WARN_UNUSED_VARIABLE = YES;
				HEADER_SEARCH_PATHS = (
					"\"$(TARGET_BUILD_DIR)/usr/local/lib/include\"",
					"\"$(OBJROOT)/UninstalledProducts/include\"",
					"\"$(BUILT_PRODUCTS_DIR)\"",
				);
				IPHONEOS_DEPLOYMENT_TARGET = 6.0;
				OTHER_LDFLAGS = (
					"-weak_framework",
					CoreFoundation,
					"-weak_framework",
					UIKit,
					"-weak_framework",
					AVFoundation,
					"-weak_framework",
					CoreMedia,
					"-weak-lSystem",
					"-force_load",
					"\"$(BUILT_PRODUCTS_DIR)/libCordova.a\"",
					"-ObjC",
				);
				SDKROOT = iphoneos;
				SKIP_INSTALL = NO;
				USER_HEADER_SEARCH_PATHS = "";
			};
			name = Release;
		};
/* End XCBuildConfiguration section */

/* Begin XCConfigurationList section */
		1D6058960D05DD3E006BFB54 /* Build configuration list for PBXNativeTarget "EAMMobApp" */ = {
			isa = XCConfigurationList;
			buildConfigurations = (
				1D6058940D05DD3E006BFB54 /* Debug */,
				1D6058950D05DD3E006BFB54 /* Release */,
			);
			defaultConfigurationIsVisible = 0;
			defaultConfigurationName = Release;
		};
		C01FCF4E08A954540054247B /* Build configuration list for PBXProject "EAMMobApp" */ = {
			isa = XCConfigurationList;
			buildConfigurations = (
				C01FCF4F08A954540054247B /* Debug */,
				C01FCF5008A954540054247B /* Release */,
			);
			defaultConfigurationIsVisible = 0;
			defaultConfigurationName = Release;
		};
/* End XCConfigurationList section */
	};
	rootObject = 29B97313FDCFA39411CA2CEA /* Project object */;
}
