// !$*UTF8*$!
{
	archiveVersion = 1;
	classes = {
	};
	objectVersion = 46;
	objects = {
/* Begin PBXBuildFile section */
		1D3623260D0F684500981E51 /* AppDelegate.m in Sources */ = {isa = PBXBuildFile; fileRef = 1D3623250D0F684500981E51 /* AppDelegate.m */; };
		1D60589B0D05DD56006BFB54 /* main.m in Sources */ = {isa = PBXBuildFile; fileRef = 29B97316FDCFA39411CA2CEA /* main.m */; };
		288765FD0DF74451002DB57D /* CoreGraphics.framework in Frameworks */ = {isa = PBXBuildFile; fileRef = 288765FC0DF74451002DB57D /* CoreGraphics.framework */; };
		301BF552109A68D80062928A /* libCordova.a in Frameworks */ = {isa = PBXBuildFile; fileRef = 301BF535109A57CC0062928A /* libCordova.a */; };
		302D95F114D2391D003F00A1 /* MainViewController.m in Sources */ = {isa = PBXBuildFile; fileRef = 302D95EF14D2391D003F00A1 /* MainViewController.m */; };
		302D95F214D2391D003F00A1 /* MainViewController.xib in Resources */ = {isa = PBXBuildFile; fileRef = 302D95F014D2391D003F00A1 /* MainViewController.xib */; };
		305D5FD1115AB8F900A74A75 /* MobileCoreServices.framework in Frameworks */ = {isa = PBXBuildFile; fileRef = 305D5FD0115AB8F900A74A75 /* MobileCoreServices.framework */; };
		3088BBBD154F3926009F9C59 /* Default-Landscape@2x~ipad.png in Resources */ = {isa = PBXBuildFile; fileRef = 3088BBB7154F3926009F9C59 /* Default-Landscape@2x~ipad.png */; };
		3088BBBE154F3926009F9C59 /* Default-Landscape~ipad.png in Resources */ = {isa = PBXBuildFile; fileRef = 3088BBB8154F3926009F9C59 /* Default-Landscape~ipad.png */; };
		3088BBBF154F3926009F9C59 /* Default-Portrait@2x~ipad.png in Resources */ = {isa = PBXBuildFile; fileRef = 3088BBB9154F3926009F9C59 /* Default-Portrait@2x~ipad.png */; };
		3088BBC0154F3926009F9C59 /* Default-Portrait~ipad.png in Resources */ = {isa = PBXBuildFile; fileRef = 3088BBBA154F3926009F9C59 /* Default-Portrait~ipad.png */; };
		3088BBC1154F3926009F9C59 /* Default@2x~iphone.png in Resources */ = {isa = PBXBuildFile; fileRef = 3088BBBB154F3926009F9C59 /* Default@2x~iphone.png */; };
		3088BBC2154F3926009F9C59 /* Default~iphone.png in Resources */ = {isa = PBXBuildFile; fileRef = 3088BBBC154F3926009F9C59 /* Default~iphone.png */; };
		308D05371370CCF300D202BF /* icon-72.png in Resources */ = {isa = PBXBuildFile; fileRef = 308D052E1370CCF300D202BF /* icon-72.png */; };
		308D05381370CCF300D202BF /* icon.png in Resources */ = {isa = PBXBuildFile; fileRef = 308D052F1370CCF300D202BF /* icon.png */; };
		308D05391370CCF300D202BF /* icon@2x.png in Resources */ = {isa = PBXBuildFile; fileRef = 308D05301370CCF300D202BF /* icon@2x.png */; };
		30B4F30019D5E07200D9F7D8 /* Default-667h.png in Resources */ = {isa = PBXBuildFile; fileRef = 30B4F2FD19D5E07200D9F7D8 /* Default-667h.png */; };
		30B4F30119D5E07200D9F7D8 /* Default-736h.png in Resources */ = {isa = PBXBuildFile; fileRef = 30B4F2FE19D5E07200D9F7D8 /* Default-736h.png */; };
		30B4F30219D5E07200D9F7D8 /* Default-Landscape-736h.png in Resources */ = {isa = PBXBuildFile; fileRef = 30B4F2FF19D5E07200D9F7D8 /* Default-Landscape-736h.png */; };
		30C1856619D5FC0A00212699 /* icon-60@3x.png in Resources */ = {isa = PBXBuildFile; fileRef = 30C1856519D5FC0A00212699 /* icon-60@3x.png */; };
		30FC414916E50CA1004E6F35 /* icon-72@2x.png in Resources */ = {isa = PBXBuildFile; fileRef = 30FC414816E50CA1004E6F35 /* icon-72@2x.png */; };
		5B1594DD16A7569C00FEF299 /* AssetsLibrary.framework in Frameworks */ = {isa = PBXBuildFile; fileRef = 5B1594DC16A7569C00FEF299 /* AssetsLibrary.framework */; };
		7E7966DE1810823500FA85AD /* icon-40.png in Resources */ = {isa = PBXBuildFile; fileRef = 7E7966D41810823500FA85AD /* icon-40.png */; };
		7E7966DF1810823500FA85AD /* icon-40@2x.png in Resources */ = {isa = PBXBuildFile; fileRef = 7E7966D51810823500FA85AD /* icon-40@2x.png */; };
		7E7966E01810823500FA85AD /* icon-50.png in Resources */ = {isa = PBXBuildFile; fileRef = 7E7966D61810823500FA85AD /* icon-50.png */; };
		7E7966E11810823500FA85AD /* icon-50@2x.png in Resources */ = {isa = PBXBuildFile; fileRef = 7E7966D71810823500FA85AD /* icon-50@2x.png */; };
		7E7966E21810823500FA85AD /* icon-60.png in Resources */ = {isa = PBXBuildFile; fileRef = 7E7966D81810823500FA85AD /* icon-60.png */; };
		7E7966E31810823500FA85AD /* icon-60@2x.png in Resources */ = {isa = PBXBuildFile; fileRef = 7E7966D91810823500FA85AD /* icon-60@2x.png */; };
		7E7966E41810823500FA85AD /* icon-76.png in Resources */ = {isa = PBXBuildFile; fileRef = 7E7966DA1810823500FA85AD /* icon-76.png */; };
		7E7966E51810823500FA85AD /* icon-76@2x.png in Resources */ = {isa = PBXBuildFile; fileRef = 7E7966DB1810823500FA85AD /* icon-76@2x.png */; };
		7E7966E61810823500FA85AD /* icon-small.png in Resources */ = {isa = PBXBuildFile; fileRef = 7E7966DC1810823500FA85AD /* icon-small.png */; };
		7E7966E71810823500FA85AD /* icon-small@2x.png in Resources */ = {isa = PBXBuildFile; fileRef = 7E7966DD1810823500FA85AD /* icon-small@2x.png */; };
		D4A0D8761607E02300AEF8BB /* Default-568h@2x~iphone.png in Resources */ = {isa = PBXBuildFile; fileRef = D4A0D8751607E02300AEF8BB /* Default-568h@2x~iphone.png */; };
		0EEC8586E65842CB86DE4D2E /* libConnectivity.a in Frameworks */ = {isa = PBXBuildFile; fileRef = 1E10DE04CEAB494AA6BDEBB9 /* libConnectivity.a */; };
		A285292950234C118A608BC0 /* libRequest.a in Frameworks */ = {isa = PBXBuildFile; fileRef = 45016676B56840CAAE8A09E7 /* libRequest.a */; };
		26E53164C98942D1ACE50ECD /* libE2ETrace.a in Frameworks */ = {isa = PBXBuildFile; fileRef = 304F2D2EC2CB4CC587D016AA /* libE2ETrace.a */; };
		ABFC7A1F770E4899B0962BAD /* libCoreServices.a in Frameworks */ = {isa = PBXBuildFile; fileRef = F16AC4CADAAC48A7858E37F3 /* libCoreServices.a */; };
		2E10A11C6C694932A0A8F989 /* libClientHubSLL.a in Frameworks */ = {isa = PBXBuildFile; fileRef = 006CF8FF1D8C4369A021D251 /* libClientHubSLL.a */; };
		FCE033528E8E4CBEAF74A8B8 /* libLogger.a in Frameworks */ = {isa = PBXBuildFile; fileRef = E0E5DBC1187E42B29C2ECA00 /* libLogger.a */; };
		A5B7A80D09354E2882FE6FE5 /* libHttpConversation.a in Frameworks */ = {isa = PBXBuildFile; fileRef = 98FCB847102445F49C41B854 /* libHttpConversation.a */; };
		7B24CE48A8394A2582D3FAB6 /* libHttpConvAuthFlows.a in Frameworks */ = {isa = PBXBuildFile; fileRef = FF0C8315A4994016AE35B77F /* libHttpConvAuthFlows.a */; };
		8189E7F6897E45FCB653661B /* libSupportability.a in Frameworks */ = {isa = PBXBuildFile; fileRef = 49C9E6DBEF454FC6BC65E0B1 /* libSupportability.a */; };
		8407ECA12FD34D5D8B83B261 /* libClientLog.a in Frameworks */ = {isa = PBXBuildFile; fileRef = 5CFF224FB34B49D6948B43E3 /* libClientLog.a */; };
		49402C3A9445422B9029F3FF /* libE2ETrace2.a in Frameworks */ = {isa = PBXBuildFile; fileRef = 94296F869D0F480181AFC84E /* libE2ETrace2.a */; };
		0005C9894EE5402195009BF0 /* libAfariaSLL.a in Frameworks */ = {isa = PBXBuildFile; fileRef = 698A101E68284BF9B4361B5D /* libAfariaSLL.a */; };
		F9E1EFB63D6447E4B4D9C6FB /* libDatavault.a in Frameworks */ = {isa = PBXBuildFile; fileRef = 3BB4BD480E8B4B1BB7E0DB88 /* libDatavault.a */; };
		5B6A9BECF4444429AD14717C /* libPerformanceLib.a in Frameworks */ = {isa = PBXBuildFile; fileRef = E3A1BE736CCC466FA974263D /* libPerformanceLib.a */; };
		AA6DE1F0BB6D4F3F851AD42A /* libSMPCoreLib.a in Frameworks */ = {isa = PBXBuildFile; fileRef = F89BB9CBDBA148A8B2767453 /* libSMPCoreLib.a */; };
		EA289E0C86AD4B0CBE0F4B6E /* libcrypto.a in Frameworks */ = {isa = PBXBuildFile; fileRef = 12BD940708794D06BF5903E2 /* libcrypto.a */; };
		55F5D1CFE0A0486192758A50 /* libz.dylib in Frameworks */ = {isa = PBXBuildFile; fileRef = A26A0E573CDB4754A55C6C0F /* libz.dylib */; };
		E054396A6EF24040890F37A6 /* libstdc++.dylib in Frameworks */ = {isa = PBXBuildFile; fileRef = 5486FF3193164E10B40AF9A8 /* libstdc++.dylib */; };
		A0D1704CD11E4584A5635B66 /* libc++.dylib in Frameworks */ = {isa = PBXBuildFile; fileRef = 2A6ED76552054D1BAF0E2015 /* libc++.dylib */; };
		877279A714944332AD21F31D /* libsqlite3.dylib in Frameworks */ = {isa = PBXBuildFile; fileRef = 4437E9A36E9C4846B8568DED /* libsqlite3.dylib */; };
		ECB1C1361C3D4824BD00F89F /* Security.framework in Frameworks */ = {isa = PBXBuildFile; fileRef = 172A0E8F90894FAF8885119F /* Security.framework */; };
		982EE448304541179BF5C04C /* MessageUI.framework in Frameworks */ = {isa = PBXBuildFile; fileRef = 268017F6F41146AA9A3FA299 /* MessageUI.framework */; };
		943A3C7C7BD6473DB16B8B42 /* CFNetwork.framework in Frameworks */ = {isa = PBXBuildFile; fileRef = D3CB41518D734533A301A7B1 /* CFNetwork.framework */; };
		CE93F3FF347D4E1194BE16A7 /* SystemConfiguration.framework in Frameworks */ = {isa = PBXBuildFile; fileRef = 19B0CE10BB604E49B9CDECCD /* SystemConfiguration.framework */; };
		DDD55B10A593480CB453B732 /* CoreData.framework in Frameworks */ = {isa = PBXBuildFile; fileRef = 2643834CB8244DB191990726 /* CoreData.framework */; };
		94F7ACA187A048179BE5BE38 /* CDVDevice.m in Sources */ = {isa = PBXBuildFile; fileRef = F1A1A9C0F7724592A9024AAA /* CDVDevice.m */; };
		E607061494FD42D4BA262706 /* CDVInAppBrowser.m in Sources */ = {isa = PBXBuildFile; fileRef = 0799D3CBC41E4F3E980F509F /* CDVInAppBrowser.m */; };
		149E44C43CD14C5CAF8087D8 /* libSMPAuthProxyPlugin.a in Frameworks */ = {isa = PBXBuildFile; fileRef = CD2139651EF54289BD7BF009 /* libSMPAuthProxyPlugin.a */; };
		6D7091B14A1248A99E5E96F4 /* Certificate.xcassets in Resources */ = {isa = PBXBuildFile; fileRef = 3621DF731224479EB6A9F3E3 /* Certificate.xcassets */; };
		84B20FE9B6604E1496E48FFB /* HttpConvAuthFlows.bundle in Resources */ = {isa = PBXBuildFile; fileRef = E5412CA882144ADCAB44CDBE /* HttpConvAuthFlows.bundle */; };
		1A14BE90D624455A9BD16E5F /* libMAFLogger.a in Frameworks */ = {isa = PBXBuildFile; fileRef = F4889D608D544A9B93EAD394 /* libMAFLogger.a */; };
		BD7DFE5B8D5842799EAF74A3 /* libMAFLogonCoreCDVPlugin.a in Frameworks */ = {isa = PBXBuildFile; fileRef = 94A4DA0D1F1F4DB5B2454D4A /* libMAFLogonCoreCDVPlugin.a */; };
		49AC0677C00F4F9DBD649B84 /* libMAFLogonManagerNG.a in Frameworks */ = {isa = PBXBuildFile; fileRef = 203D258D2EAF4063AB818E4C /* libMAFLogonManagerNG.a */; };
		B4EE09A4870F478190414646 /* MAFLogonManagerNG.bundle in Resources */ = {isa = PBXBuildFile; fileRef = 31AF506622F542B088973BC3 /* MAFLogonManagerNG.bundle */; };
		AF4AECAF9C8F4A878C190039 /* libODataAPI.a in Frameworks */ = {isa = PBXBuildFile; fileRef = 890D71C9A6224B13895347FD /* libODataAPI.a */; };
		03D00DB8B0764927B9302EC4 /* libODataOffline.a in Frameworks */ = {isa = PBXBuildFile; fileRef = E17687FDF74D436C96C322C5 /* libODataOffline.a */; };
		F5A5D95C58944C368D2940E8 /* libSMPODataPlugin.a in Frameworks */ = {isa = PBXBuildFile; fileRef = A51609FE6CF64133A9499700 /* libSMPODataPlugin.a */; };
/* End PBXBuildFile section */

/* Begin PBXContainerItemProxy section */
		301BF534109A57CC0062928A /* PBXContainerItemProxy */ = {
			isa = PBXContainerItemProxy;
			containerPortal = 301BF52D109A57CC0062928A /* CordovaLib.xcodeproj */;
			proxyType = 2;
			remoteGlobalIDString = D2AAC07E0554694100DB518D;
			remoteInfo = CordovaLib;
		};
		301BF550109A68C00062928A /* PBXContainerItemProxy */ = {
			isa = PBXContainerItemProxy;
			containerPortal = 301BF52D109A57CC0062928A /* CordovaLib.xcodeproj */;
			proxyType = 1;
			remoteGlobalIDString = D2AAC07D0554694100DB518D;
			remoteInfo = CordovaLib;
		};
/* End PBXContainerItemProxy section */

/* Begin PBXFileReference section */
		1D3623240D0F684500981E51 /* AppDelegate.h */ = {isa = PBXFileReference; fileEncoding = 4; lastKnownFileType = sourcecode.c.h; path = AppDelegate.h; sourceTree = "<group>"; };
		1D3623250D0F684500981E51 /* AppDelegate.m */ = {isa = PBXFileReference; fileEncoding = 4; lastKnownFileType = sourcecode.c.objc; path = AppDelegate.m; sourceTree = "<group>"; };
		1D6058910D05DD3D006BFB54 /* HelloCordova.app */ = {isa = PBXFileReference; explicitFileType = wrapper.application; includeInIndex = 0; path = "HelloCordova.app"; sourceTree = BUILT_PRODUCTS_DIR; };
		1F766FDD13BBADB100FB74C0 /* en */ = {isa = PBXFileReference; lastKnownFileType = text.plist.strings; name = en; path = Localizable.strings; sourceTree = "<group>"; };
		1F766FE013BBADB100FB74C0 /* es */ = {isa = PBXFileReference; lastKnownFileType = text.plist.strings; name = es; path = Localizable.strings; sourceTree = "<group>"; };
		288765FC0DF74451002DB57D /* CoreGraphics.framework */ = {isa = PBXFileReference; lastKnownFileType = wrapper.framework; name = CoreGraphics.framework; path = System/Library/Frameworks/CoreGraphics.framework; sourceTree = SDKROOT; };
		29B97316FDCFA39411CA2CEA /* main.m */ = {isa = PBXFileReference; fileEncoding = 4; lastKnownFileType = sourcecode.c.objc; path = main.m; sourceTree = "<group>"; };
		301BF52D109A57CC0062928A /* CordovaLib.xcodeproj */ = {isa = PBXFileReference; lastKnownFileType = "wrapper.pb-project"; name = CordovaLib.xcodeproj; path = CordovaLib/CordovaLib.xcodeproj; sourceTree = "<group>"; };
		301BF56E109A69640062928A /* www */ = {isa = PBXFileReference; lastKnownFileType = folder; path = www; sourceTree = SOURCE_ROOT; };
		302D95EE14D2391D003F00A1 /* MainViewController.h */ = {isa = PBXFileReference; fileEncoding = 4; lastKnownFileType = sourcecode.c.h; path = MainViewController.h; sourceTree = "<group>"; };
		302D95EF14D2391D003F00A1 /* MainViewController.m */ = {isa = PBXFileReference; fileEncoding = 4; lastKnownFileType = sourcecode.c.objc; path = MainViewController.m; sourceTree = "<group>"; };
		302D95F014D2391D003F00A1 /* MainViewController.xib */ = {isa = PBXFileReference; fileEncoding = 4; lastKnownFileType = file.xib; path = MainViewController.xib; sourceTree = "<group>"; };
		305D5FD0115AB8F900A74A75 /* MobileCoreServices.framework */ = {isa = PBXFileReference; lastKnownFileType = wrapper.framework; name = MobileCoreServices.framework; path = System/Library/Frameworks/MobileCoreServices.framework; sourceTree = SDKROOT; };
		3088BBB7154F3926009F9C59 /* Default-Landscape@2x~ipad.png */ = {isa = PBXFileReference; lastKnownFileType = image.png; path = "Default-Landscape@2x~ipad.png"; sourceTree = "<group>"; };
		3088BBB8154F3926009F9C59 /* Default-Landscape~ipad.png */ = {isa = PBXFileReference; lastKnownFileType = image.png; path = "Default-Landscape~ipad.png"; sourceTree = "<group>"; };
		3088BBB9154F3926009F9C59 /* Default-Portrait@2x~ipad.png */ = {isa = PBXFileReference; lastKnownFileType = image.png; path = "Default-Portrait@2x~ipad.png"; sourceTree = "<group>"; };
		3088BBBA154F3926009F9C59 /* Default-Portrait~ipad.png */ = {isa = PBXFileReference; lastKnownFileType = image.png; path = "Default-Portrait~ipad.png"; sourceTree = "<group>"; };
		3088BBBB154F3926009F9C59 /* Default@2x~iphone.png */ = {isa = PBXFileReference; lastKnownFileType = image.png; path = "Default@2x~iphone.png"; sourceTree = "<group>"; };
		3088BBBC154F3926009F9C59 /* Default~iphone.png */ = {isa = PBXFileReference; lastKnownFileType = image.png; path = "Default~iphone.png"; sourceTree = "<group>"; };
		308D052E1370CCF300D202BF /* icon-72.png */ = {isa = PBXFileReference; lastKnownFileType = image.png; path = "icon-72.png"; sourceTree = "<group>"; };
		308D052F1370CCF300D202BF /* icon.png */ = {isa = PBXFileReference; lastKnownFileType = image.png; path = icon.png; sourceTree = "<group>"; };
		308D05301370CCF300D202BF /* icon@2x.png */ = {isa = PBXFileReference; lastKnownFileType = image.png; path = "icon@2x.png"; sourceTree = "<group>"; };
		30B4F2FD19D5E07200D9F7D8 /* Default-667h.png */ = {isa = PBXFileReference; lastKnownFileType = image.png; path = "Default-667h.png"; sourceTree = "<group>"; };
		30B4F2FE19D5E07200D9F7D8 /* Default-736h.png */ = {isa = PBXFileReference; lastKnownFileType = image.png; path = "Default-736h.png"; sourceTree = "<group>"; };
		30B4F2FF19D5E07200D9F7D8 /* Default-Landscape-736h.png */ = {isa = PBXFileReference; lastKnownFileType = image.png; path = "Default-Landscape-736h.png"; sourceTree = "<group>"; };
		30C1856519D5FC0A00212699 /* icon-60@3x.png */ = {isa = PBXFileReference; lastKnownFileType = image.png; path = "icon-60@3x.png"; sourceTree = "<group>"; };
		30FC414816E50CA1004E6F35 /* icon-72@2x.png */ = {isa = PBXFileReference; lastKnownFileType = image.png; path = "icon-72@2x.png"; sourceTree = "<group>"; };
		32CA4F630368D1EE00C91783 /* HelloCordova-Prefix.pch */ = {isa = PBXFileReference; fileEncoding = 4; lastKnownFileType = sourcecode.c.h; path = "HelloCordova-Prefix.pch"; sourceTree = "<group>"; };
		5B1594DC16A7569C00FEF299 /* AssetsLibrary.framework */ = {isa = PBXFileReference; lastKnownFileType = wrapper.framework; name = AssetsLibrary.framework; path = System/Library/Frameworks/AssetsLibrary.framework; sourceTree = SDKROOT; };
		7E7966D41810823500FA85AD /* icon-40.png */ = {isa = PBXFileReference; lastKnownFileType = image.png; path = "icon-40.png"; sourceTree = "<group>"; };
		7E7966D51810823500FA85AD /* icon-40@2x.png */ = {isa = PBXFileReference; lastKnownFileType = image.png; path = "icon-40@2x.png"; sourceTree = "<group>"; };
		7E7966D61810823500FA85AD /* icon-50.png */ = {isa = PBXFileReference; lastKnownFileType = image.png; path = "icon-50.png"; sourceTree = "<group>"; };
		7E7966D71810823500FA85AD /* icon-50@2x.png */ = {isa = PBXFileReference; lastKnownFileType = image.png; path = "icon-50@2x.png"; sourceTree = "<group>"; };
		7E7966D81810823500FA85AD /* icon-60.png */ = {isa = PBXFileReference; lastKnownFileType = image.png; path = "icon-60.png"; sourceTree = "<group>"; };
		7E7966D91810823500FA85AD /* icon-60@2x.png */ = {isa = PBXFileReference; lastKnownFileType = image.png; path = "icon-60@2x.png"; sourceTree = "<group>"; };
		7E7966DA1810823500FA85AD /* icon-76.png */ = {isa = PBXFileReference; lastKnownFileType = image.png; path = "icon-76.png"; sourceTree = "<group>"; };
		7E7966DB1810823500FA85AD /* icon-76@2x.png */ = {isa = PBXFileReference; lastKnownFileType = image.png; path = "icon-76@2x.png"; sourceTree = "<group>"; };
		7E7966DC1810823500FA85AD /* icon-small.png */ = {isa = PBXFileReference; lastKnownFileType = image.png; path = "icon-small.png"; sourceTree = "<group>"; };
		7E7966DD1810823500FA85AD /* icon-small@2x.png */ = {isa = PBXFileReference; lastKnownFileType = image.png; path = "icon-small@2x.png"; sourceTree = "<group>"; };
		8D1107310486CEB800E47090 /* HelloCordova-Info.plist */ = {isa = PBXFileReference; fileEncoding = 4; lastKnownFileType = text.plist.xml; name = "HelloCordova-Info.plist"; path = "../HelloCordova-Info.plist"; plistStructureDefinitionIdentifier = "com.apple.xcode.plist.structure-definition.iphone.info-plist"; sourceTree = "<group>"; };
		D4A0D8751607E02300AEF8BB /* Default-568h@2x~iphone.png */ = {isa = PBXFileReference; lastKnownFileType = image.png; path = "Default-568h@2x~iphone.png"; sourceTree = "<group>"; };
		EB87FDF21871DA7A0020F90C /* merges */ = {isa = PBXFileReference; lastKnownFileType = folder; name = merges; path = ../../merges; sourceTree = "<group>"; };
		EB87FDF31871DA8E0020F90C /* www */ = {isa = PBXFileReference; lastKnownFileType = folder; name = www; path = ../../www; sourceTree = "<group>"; };
		EB87FDF41871DAF40020F90C /* config.xml */ = {isa = PBXFileReference; lastKnownFileType = text.xml; name = config.xml; path = ../../config.xml; sourceTree = "<group>"; };
		F840E1F0165FE0F500CFE078 /* config.xml */ = {isa = PBXFileReference; lastKnownFileType = text.xml; name = config.xml; path = "HelloCordova/config.xml"; sourceTree = "<group>"; };
		1E10DE04CEAB494AA6BDEBB9 /* libConnectivity.a */ = {isa = PBXFileReference; lastKnownFileType = archive.ar; name = "libConnectivity.a"; path = "HelloCordova/Plugins/com.sap.mp.cordova.plugins.corelibs/libConnectivity.a"; sourceTree = "<group>"; fileEncoding = 4; };
		45016676B56840CAAE8A09E7 /* libRequest.a */ = {isa = PBXFileReference; lastKnownFileType = archive.ar; name = "libRequest.a"; path = "HelloCordova/Plugins/com.sap.mp.cordova.plugins.corelibs/libRequest.a"; sourceTree = "<group>"; fileEncoding = 4; };
		304F2D2EC2CB4CC587D016AA /* libE2ETrace.a */ = {isa = PBXFileReference; lastKnownFileType = archive.ar; name = "libE2ETrace.a"; path = "HelloCordova/Plugins/com.sap.mp.cordova.plugins.corelibs/libE2ETrace.a"; sourceTree = "<group>"; fileEncoding = 4; };
		F16AC4CADAAC48A7858E37F3 /* libCoreServices.a */ = {isa = PBXFileReference; lastKnownFileType = archive.ar; name = "libCoreServices.a"; path = "HelloCordova/Plugins/com.sap.mp.cordova.plugins.corelibs/libCoreServices.a"; sourceTree = "<group>"; fileEncoding = 4; };
		006CF8FF1D8C4369A021D251 /* libClientHubSLL.a */ = {isa = PBXFileReference; lastKnownFileType = archive.ar; name = "libClientHubSLL.a"; path = "HelloCordova/Plugins/com.sap.mp.cordova.plugins.corelibs/libClientHubSLL.a"; sourceTree = "<group>"; fileEncoding = 4; };
		E0E5DBC1187E42B29C2ECA00 /* libLogger.a */ = {isa = PBXFileReference; lastKnownFileType = archive.ar; name = "libLogger.a"; path = "HelloCordova/Plugins/com.sap.mp.cordova.plugins.corelibs/libLogger.a"; sourceTree = "<group>"; fileEncoding = 4; };
		98FCB847102445F49C41B854 /* libHttpConversation.a */ = {isa = PBXFileReference; lastKnownFileType = archive.ar; name = "libHttpConversation.a"; path = "HelloCordova/Plugins/com.sap.mp.cordova.plugins.corelibs/libHttpConversation.a"; sourceTree = "<group>"; fileEncoding = 4; };
		FF0C8315A4994016AE35B77F /* libHttpConvAuthFlows.a */ = {isa = PBXFileReference; lastKnownFileType = archive.ar; name = "libHttpConvAuthFlows.a"; path = "HelloCordova/Plugins/com.sap.mp.cordova.plugins.corelibs/libHttpConvAuthFlows.a"; sourceTree = "<group>"; fileEncoding = 4; };
		49C9E6DBEF454FC6BC65E0B1 /* libSupportability.a */ = {isa = PBXFileReference; lastKnownFileType = archive.ar; name = "libSupportability.a"; path = "HelloCordova/Plugins/com.sap.mp.cordova.plugins.corelibs/libSupportability.a"; sourceTree = "<group>"; fileEncoding = 4; };
		5CFF224FB34B49D6948B43E3 /* libClientLog.a */ = {isa = PBXFileReference; lastKnownFileType = archive.ar; name = "libClientLog.a"; path = "HelloCordova/Plugins/com.sap.mp.cordova.plugins.corelibs/libClientLog.a"; sourceTree = "<group>"; fileEncoding = 4; };
		94296F869D0F480181AFC84E /* libE2ETrace2.a */ = {isa = PBXFileReference; lastKnownFileType = archive.ar; name = "libE2ETrace2.a"; path = "HelloCordova/Plugins/com.sap.mp.cordova.plugins.corelibs/libE2ETrace2.a"; sourceTree = "<group>"; fileEncoding = 4; };
		698A101E68284BF9B4361B5D /* libAfariaSLL.a */ = {isa = PBXFileReference; lastKnownFileType = archive.ar; name = "libAfariaSLL.a"; path = "HelloCordova/Plugins/com.sap.mp.cordova.plugins.corelibs/libAfariaSLL.a"; sourceTree = "<group>"; fileEncoding = 4; };
		3BB4BD480E8B4B1BB7E0DB88 /* libDatavault.a */ = {isa = PBXFileReference; lastKnownFileType = archive.ar; name = "libDatavault.a"; path = "HelloCordova/Plugins/com.sap.mp.cordova.plugins.corelibs/libDatavault.a"; sourceTree = "<group>"; fileEncoding = 4; };
		E3A1BE736CCC466FA974263D /* libPerformanceLib.a */ = {isa = PBXFileReference; lastKnownFileType = archive.ar; name = "libPerformanceLib.a"; path = "HelloCordova/Plugins/com.sap.mp.cordova.plugins.corelibs/libPerformanceLib.a"; sourceTree = "<group>"; fileEncoding = 4; };
		F89BB9CBDBA148A8B2767453 /* libSMPCoreLib.a */ = {isa = PBXFileReference; lastKnownFileType = archive.ar; name = "libSMPCoreLib.a"; path = "HelloCordova/Plugins/com.sap.mp.cordova.plugins.corelibs/libSMPCoreLib.a"; sourceTree = "<group>"; fileEncoding = 4; };
		12BD940708794D06BF5903E2 /* libcrypto.a */ = {isa = PBXFileReference; lastKnownFileType = archive.ar; name = "libcrypto.a"; path = "HelloCordova/Plugins/com.sap.mp.cordova.plugins.corelibs/libcrypto.a"; sourceTree = "<group>"; fileEncoding = 4; };
		A26A0E573CDB4754A55C6C0F /* libz.dylib */ = {isa = PBXFileReference; lastKnownFileType = "compiled.mach-o.dylib"; name = "libz.dylib"; path = "usr/lib/libz.dylib"; sourceTree = SDKROOT; fileEncoding = 4; };
		5486FF3193164E10B40AF9A8 /* libstdc++.dylib */ = {isa = PBXFileReference; lastKnownFileType = "compiled.mach-o.dylib"; name = "libstdc++.dylib"; path = "usr/lib/libstdc++.dylib"; sourceTree = SDKROOT; fileEncoding = 4; };
		2A6ED76552054D1BAF0E2015 /* libc++.dylib */ = {isa = PBXFileReference; lastKnownFileType = "compiled.mach-o.dylib"; name = "libc++.dylib"; path = "usr/lib/libc++.dylib"; sourceTree = SDKROOT; fileEncoding = 4; };
		4437E9A36E9C4846B8568DED /* libsqlite3.dylib */ = {isa = PBXFileReference; lastKnownFileType = "compiled.mach-o.dylib"; name = "libsqlite3.dylib"; path = "usr/lib/libsqlite3.dylib"; sourceTree = SDKROOT; fileEncoding = 4; };
		172A0E8F90894FAF8885119F /* Security.framework */ = {isa = PBXFileReference; lastKnownFileType = wrapper.framework; name = "Security.framework"; path = "System/Library/Frameworks/Security.framework"; sourceTree = SDKROOT; fileEncoding = 4; };
		268017F6F41146AA9A3FA299 /* MessageUI.framework */ = {isa = PBXFileReference; lastKnownFileType = wrapper.framework; name = "MessageUI.framework"; path = "System/Library/Frameworks/MessageUI.framework"; sourceTree = SDKROOT; fileEncoding = 4; };
		D3CB41518D734533A301A7B1 /* CFNetwork.framework */ = {isa = PBXFileReference; lastKnownFileType = wrapper.framework; name = "CFNetwork.framework"; path = "System/Library/Frameworks/CFNetwork.framework"; sourceTree = SDKROOT; fileEncoding = 4; };
		19B0CE10BB604E49B9CDECCD /* SystemConfiguration.framework */ = {isa = PBXFileReference; lastKnownFileType = wrapper.framework; name = "SystemConfiguration.framework"; path = "System/Library/Frameworks/SystemConfiguration.framework"; sourceTree = SDKROOT; fileEncoding = 4; };
		2643834CB8244DB191990726 /* CoreData.framework */ = {isa = PBXFileReference; lastKnownFileType = wrapper.framework; name = "CoreData.framework"; path = "System/Library/Frameworks/CoreData.framework"; sourceTree = SDKROOT; fileEncoding = 4; };
		F1A1A9C0F7724592A9024AAA /* CDVDevice.m */ = {isa = PBXFileReference; lastKnownFileType = sourcecode.c.objc; name = "CDVDevice.m"; path = "org.apache.cordova.device/CDVDevice.m"; sourceTree = "<group>"; fileEncoding = 4; };
		CCD65CE60E38481D8F98C60B /* CDVDevice.h */ = {isa = PBXFileReference; lastKnownFileType = sourcecode.c.h; name = "CDVDevice.h"; path = "org.apache.cordova.device/CDVDevice.h"; sourceTree = "<group>"; fileEncoding = 4; };
		0799D3CBC41E4F3E980F509F /* CDVInAppBrowser.m */ = {isa = PBXFileReference; lastKnownFileType = sourcecode.c.objc; name = "CDVInAppBrowser.m"; path = "org.apache.cordova.inappbrowser/CDVInAppBrowser.m"; sourceTree = "<group>"; fileEncoding = 4; };
		4F8FC6D07A53401D8BB9A1B8 /* CDVInAppBrowser.h */ = {isa = PBXFileReference; lastKnownFileType = sourcecode.c.h; name = "CDVInAppBrowser.h"; path = "org.apache.cordova.inappbrowser/CDVInAppBrowser.h"; sourceTree = "<group>"; fileEncoding = 4; };
		CD2139651EF54289BD7BF009 /* libSMPAuthProxyPlugin.a */ = {isa = PBXFileReference; lastKnownFileType = archive.ar; name = "libSMPAuthProxyPlugin.a"; path = "HelloCordova/Plugins/com.sap.mp.cordova.plugins.authproxy/libSMPAuthProxyPlugin.a"; sourceTree = "<group>"; fileEncoding = 4; };
		3621DF731224479EB6A9F3E3 /* Certificate.xcassets */ = {isa = PBXFileReference; lastKnownFileType = unknown; name = "Certificate.xcassets"; path = "Certificate.xcassets"; sourceTree = "<group>"; fileEncoding = 4; };
		E5412CA882144ADCAB44CDBE /* HttpConvAuthFlows.bundle */ = {isa = PBXFileReference; lastKnownFileType = "wrapper.plug-in"; name = "HttpConvAuthFlows.bundle"; path = "HttpConvAuthFlows.bundle"; sourceTree = "<group>"; };
		F4889D608D544A9B93EAD394 /* libMAFLogger.a */ = {isa = PBXFileReference; lastKnownFileType = archive.ar; name = "libMAFLogger.a"; path = "HelloCordova/Plugins/com.sap.mp.cordova.plugins.logon/libMAFLogger.a"; sourceTree = "<group>"; fileEncoding = 4; };
		94A4DA0D1F1F4DB5B2454D4A /* libMAFLogonCoreCDVPlugin.a */ = {isa = PBXFileReference; lastKnownFileType = archive.ar; name = "libMAFLogonCoreCDVPlugin.a"; path = "HelloCordova/Plugins/com.sap.mp.cordova.plugins.logon/libMAFLogonCoreCDVPlugin.a"; sourceTree = "<group>"; fileEncoding = 4; };
		203D258D2EAF4063AB818E4C /* libMAFLogonManagerNG.a */ = {isa = PBXFileReference; lastKnownFileType = archive.ar; name = "libMAFLogonManagerNG.a"; path = "HelloCordova/Plugins/com.sap.mp.cordova.plugins.logon/libMAFLogonManagerNG.a"; sourceTree = "<group>"; fileEncoding = 4; };
		9DE6F81881134CC9BB0F6AC5 /* CertificateProvider.h */ = {isa = PBXFileReference; lastKnownFileType = sourcecode.c.h; name = "CertificateProvider.h"; path = "com.sap.mp.cordova.plugins.logon/CertificateProvider.h"; sourceTree = "<group>"; fileEncoding = 4; };
		31AF506622F542B088973BC3 /* MAFLogonManagerNG.bundle */ = {isa = PBXFileReference; lastKnownFileType = "wrapper.plug-in"; name = "MAFLogonManagerNG.bundle"; path = "MAFLogonManagerNG.bundle"; sourceTree = "<group>"; };
		890D71C9A6224B13895347FD /* libODataAPI.a */ = {isa = PBXFileReference; lastKnownFileType = archive.ar; name = "libODataAPI.a"; path = "HelloCordova/Plugins/com.sap.mp.cordova.plugins.odata/libODataAPI.a"; sourceTree = "<group>"; fileEncoding = 4; };
		E17687FDF74D436C96C322C5 /* libODataOffline.a */ = {isa = PBXFileReference; lastKnownFileType = archive.ar; name = "libODataOffline.a"; path = "HelloCordova/Plugins/com.sap.mp.cordova.plugins.odata/libODataOffline.a"; sourceTree = "<group>"; fileEncoding = 4; };
		A51609FE6CF64133A9499700 /* libSMPODataPlugin.a */ = {isa = PBXFileReference; lastKnownFileType = archive.ar; name = "libSMPODataPlugin.a"; path = "HelloCordova/Plugins/com.sap.mp.cordova.plugins.odata/libSMPODataPlugin.a"; sourceTree = "<group>"; fileEncoding = 4; };
/* End PBXFileReference section */

/* Begin PBXFrameworksBuildPhase section */
		1D60588F0D05DD3D006BFB54 /* Frameworks */ = {
			isa = PBXFrameworksBuildPhase;
			buildActionMask = 2147483647;
			files = (
				5B1594DD16A7569C00FEF299 /* AssetsLibrary.framework in Frameworks */,
				301BF552109A68D80062928A /* libCordova.a in Frameworks */,
				288765FD0DF74451002DB57D /* CoreGraphics.framework in Frameworks */,
				305D5FD1115AB8F900A74A75 /* MobileCoreServices.framework in Frameworks */,
				0EEC8586E65842CB86DE4D2E /* libConnectivity.a in Frameworks */,
				A285292950234C118A608BC0 /* libRequest.a in Frameworks */,
				26E53164C98942D1ACE50ECD /* libE2ETrace.a in Frameworks */,
				ABFC7A1F770E4899B0962BAD /* libCoreServices.a in Frameworks */,
				2E10A11C6C694932A0A8F989 /* libClientHubSLL.a in Frameworks */,
				FCE033528E8E4CBEAF74A8B8 /* libLogger.a in Frameworks */,
				A5B7A80D09354E2882FE6FE5 /* libHttpConversation.a in Frameworks */,
				7B24CE48A8394A2582D3FAB6 /* libHttpConvAuthFlows.a in Frameworks */,
				8189E7F6897E45FCB653661B /* libSupportability.a in Frameworks */,
				8407ECA12FD34D5D8B83B261 /* libClientLog.a in Frameworks */,
				49402C3A9445422B9029F3FF /* libE2ETrace2.a in Frameworks */,
				0005C9894EE5402195009BF0 /* libAfariaSLL.a in Frameworks */,
				F9E1EFB63D6447E4B4D9C6FB /* libDatavault.a in Frameworks */,
				5B6A9BECF4444429AD14717C /* libPerformanceLib.a in Frameworks */,
				AA6DE1F0BB6D4F3F851AD42A /* libSMPCoreLib.a in Frameworks */,
				EA289E0C86AD4B0CBE0F4B6E /* libcrypto.a in Frameworks */,
				55F5D1CFE0A0486192758A50 /* libz.dylib in Frameworks */,
				E054396A6EF24040890F37A6 /* libstdc++.dylib in Frameworks */,
				A0D1704CD11E4584A5635B66 /* libc++.dylib in Frameworks */,
				877279A714944332AD21F31D /* libsqlite3.dylib in Frameworks */,
				ECB1C1361C3D4824BD00F89F /* Security.framework in Frameworks */,
				982EE448304541179BF5C04C /* MessageUI.framework in Frameworks */,
				943A3C7C7BD6473DB16B8B42 /* CFNetwork.framework in Frameworks */,
				CE93F3FF347D4E1194BE16A7 /* SystemConfiguration.framework in Frameworks */,
				DDD55B10A593480CB453B732 /* CoreData.framework in Frameworks */,
				149E44C43CD14C5CAF8087D8 /* libSMPAuthProxyPlugin.a in Frameworks */,
				1A14BE90D624455A9BD16E5F /* libMAFLogger.a in Frameworks */,
				BD7DFE5B8D5842799EAF74A3 /* libMAFLogonCoreCDVPlugin.a in Frameworks */,
				49AC0677C00F4F9DBD649B84 /* libMAFLogonManagerNG.a in Frameworks */,
				AF4AECAF9C8F4A878C190039 /* libODataAPI.a in Frameworks */,
				03D00DB8B0764927B9302EC4 /* libODataOffline.a in Frameworks */,
				F5A5D95C58944C368D2940E8 /* libSMPODataPlugin.a in Frameworks */,
			);
			runOnlyForDeploymentPostprocessing = 0;
		};
/* End PBXFrameworksBuildPhase section */

/* Begin PBXGroup section */
		080E96DDFE201D6D7F000001 /* Classes */ = {
			isa = PBXGroup;
			children = (
				302D95EE14D2391D003F00A1 /* MainViewController.h */,
				302D95EF14D2391D003F00A1 /* MainViewController.m */,
				302D95F014D2391D003F00A1 /* MainViewController.xib */,
				1D3623240D0F684500981E51 /* AppDelegate.h */,
				1D3623250D0F684500981E51 /* AppDelegate.m */,
			);
			name = Classes;
			path = "HelloCordova/Classes";
			sourceTree = SOURCE_ROOT;
		};
		19C28FACFE9D520D11CA2CBB /* Products */ = {
			isa = PBXGroup;
			children = (
				1D6058910D05DD3D006BFB54 /* HelloCordova.app */,
			);
			name = Products;
			sourceTree = "<group>";
		};
		29B97314FDCFA39411CA2CEA /* CustomTemplate */ = {
			isa = PBXGroup;
			children = (
				EB87FDF41871DAF40020F90C /* config.xml */,
				EB87FDF31871DA8E0020F90C /* www */,
				EB87FDF21871DA7A0020F90C /* merges */,
				EB87FDF11871DA420020F90C /* Staging */,
				301BF52D109A57CC0062928A /* CordovaLib.xcodeproj */,
				080E96DDFE201D6D7F000001 /* Classes */,
				307C750510C5A3420062BCA9 /* Plugins */,
				29B97315FDCFA39411CA2CEA /* Other Sources */,
				29B97317FDCFA39411CA2CEA /* Resources */,
				29B97323FDCFA39411CA2CEA /* Frameworks */,
				19C28FACFE9D520D11CA2CBB /* Products */,
			);
			name = CustomTemplate;
			sourceTree = "<group>";
		};
		29B97315FDCFA39411CA2CEA /* Other Sources */ = {
			isa = PBXGroup;
			children = (
				32CA4F630368D1EE00C91783 /* HelloCordova-Prefix.pch */,
				29B97316FDCFA39411CA2CEA /* main.m */,
			);
			name = "Other Sources";
			path = "HelloCordova";
			sourceTree = "<group>";
		};
		29B97317FDCFA39411CA2CEA /* Resources */ = {
			isa = PBXGroup;
			children = (
				308D052D1370CCF300D202BF /* icons */,
				308D05311370CCF300D202BF /* splash */,
				8D1107310486CEB800E47090 /* HelloCordova-Info.plist */,
				3621DF731224479EB6A9F3E3 /* Certificate.xcassets */,
				E5412CA882144ADCAB44CDBE /* HttpConvAuthFlows.bundle */,
				31AF506622F542B088973BC3 /* MAFLogonManagerNG.bundle */,
			);
			name = Resources;
			path = "HelloCordova/Resources";
			sourceTree = "<group>";
		};
		29B97323FDCFA39411CA2CEA /* Frameworks */ = {
			isa = PBXGroup;
			children = (
				5B1594DC16A7569C00FEF299 /* AssetsLibrary.framework */,
				288765FC0DF74451002DB57D /* CoreGraphics.framework */,
				305D5FD0115AB8F900A74A75 /* MobileCoreServices.framework */,
				1E10DE04CEAB494AA6BDEBB9 /* libConnectivity.a */,
				45016676B56840CAAE8A09E7 /* libRequest.a */,
				304F2D2EC2CB4CC587D016AA /* libE2ETrace.a */,
				F16AC4CADAAC48A7858E37F3 /* libCoreServices.a */,
				006CF8FF1D8C4369A021D251 /* libClientHubSLL.a */,
				E0E5DBC1187E42B29C2ECA00 /* libLogger.a */,
				98FCB847102445F49C41B854 /* libHttpConversation.a */,
				FF0C8315A4994016AE35B77F /* libHttpConvAuthFlows.a */,
				49C9E6DBEF454FC6BC65E0B1 /* libSupportability.a */,
				5CFF224FB34B49D6948B43E3 /* libClientLog.a */,
				94296F869D0F480181AFC84E /* libE2ETrace2.a */,
				698A101E68284BF9B4361B5D /* libAfariaSLL.a */,
				3BB4BD480E8B4B1BB7E0DB88 /* libDatavault.a */,
				E3A1BE736CCC466FA974263D /* libPerformanceLib.a */,
				F89BB9CBDBA148A8B2767453 /* libSMPCoreLib.a */,
				12BD940708794D06BF5903E2 /* libcrypto.a */,
				A26A0E573CDB4754A55C6C0F /* libz.dylib */,
				5486FF3193164E10B40AF9A8 /* libstdc++.dylib */,
				2A6ED76552054D1BAF0E2015 /* libc++.dylib */,
				4437E9A36E9C4846B8568DED /* libsqlite3.dylib */,
				172A0E8F90894FAF8885119F /* Security.framework */,
				268017F6F41146AA9A3FA299 /* MessageUI.framework */,
				D3CB41518D734533A301A7B1 /* CFNetwork.framework */,
				19B0CE10BB604E49B9CDECCD /* SystemConfiguration.framework */,
				2643834CB8244DB191990726 /* CoreData.framework */,
				CD2139651EF54289BD7BF009 /* libSMPAuthProxyPlugin.a */,
				F4889D608D544A9B93EAD394 /* libMAFLogger.a */,
				94A4DA0D1F1F4DB5B2454D4A /* libMAFLogonCoreCDVPlugin.a */,
				203D258D2EAF4063AB818E4C /* libMAFLogonManagerNG.a */,
				890D71C9A6224B13895347FD /* libODataAPI.a */,
				E17687FDF74D436C96C322C5 /* libODataOffline.a */,
				A51609FE6CF64133A9499700 /* libSMPODataPlugin.a */,
			);
			name = Frameworks;
			sourceTree = "<group>";
		};
		301BF52E109A57CC0062928A /* Products */ = {
			isa = PBXGroup;
			children = (
				301BF535109A57CC0062928A /* libCordova.a */,
			);
			name = Products;
			sourceTree = "<group>";
		};
		307C750510C5A3420062BCA9 /* Plugins */ = {
			isa = PBXGroup;
			children = (
				F1A1A9C0F7724592A9024AAA /* CDVDevice.m */,
				CCD65CE60E38481D8F98C60B /* CDVDevice.h */,
				0799D3CBC41E4F3E980F509F /* CDVInAppBrowser.m */,
				4F8FC6D07A53401D8BB9A1B8 /* CDVInAppBrowser.h */,
				9DE6F81881134CC9BB0F6AC5 /* CertificateProvider.h */,
			);
			name = Plugins;
			path = "HelloCordova/Plugins";
			sourceTree = SOURCE_ROOT;
		};
		308D052D1370CCF300D202BF /* icons */ = {
			isa = PBXGroup;
			children = (
				30C1856519D5FC0A00212699 /* icon-60@3x.png */,
				7E7966D41810823500FA85AD /* icon-40.png */,
				7E7966D51810823500FA85AD /* icon-40@2x.png */,
				7E7966D61810823500FA85AD /* icon-50.png */,
				7E7966D71810823500FA85AD /* icon-50@2x.png */,
				7E7966D81810823500FA85AD /* icon-60.png */,
				7E7966D91810823500FA85AD /* icon-60@2x.png */,
				7E7966DA1810823500FA85AD /* icon-76.png */,
				7E7966DB1810823500FA85AD /* icon-76@2x.png */,
				7E7966DC1810823500FA85AD /* icon-small.png */,
				7E7966DD1810823500FA85AD /* icon-small@2x.png */,
				30FC414816E50CA1004E6F35 /* icon-72@2x.png */,
				308D052E1370CCF300D202BF /* icon-72.png */,
				308D052F1370CCF300D202BF /* icon.png */,
				308D05301370CCF300D202BF /* icon@2x.png */,
			);
			path = icons;
			sourceTree = "<group>";
		};
		308D05311370CCF300D202BF /* splash */ = {
			isa = PBXGroup;
			children = (
				30B4F2FD19D5E07200D9F7D8 /* Default-667h.png */,
				30B4F2FE19D5E07200D9F7D8 /* Default-736h.png */,
				30B4F2FF19D5E07200D9F7D8 /* Default-Landscape-736h.png */,
				D4A0D8751607E02300AEF8BB /* Default-568h@2x~iphone.png */,
				3088BBB7154F3926009F9C59 /* Default-Landscape@2x~ipad.png */,
				3088BBB8154F3926009F9C59 /* Default-Landscape~ipad.png */,
				3088BBB9154F3926009F9C59 /* Default-Portrait@2x~ipad.png */,
				3088BBBA154F3926009F9C59 /* Default-Portrait~ipad.png */,
				3088BBBB154F3926009F9C59 /* Default@2x~iphone.png */,
				3088BBBC154F3926009F9C59 /* Default~iphone.png */,
			);
			path = splash;
			sourceTree = "<group>";
		};
		EB87FDF11871DA420020F90C /* Staging */ = {
			isa = PBXGroup;
			children = (
				F840E1F0165FE0F500CFE078 /* config.xml */,
				301BF56E109A69640062928A /* www */,
			);
			name = Staging;
			sourceTree = "<group>";
		};
/* End PBXGroup section */

/* Begin PBXNativeTarget section */
		1D6058900D05DD3D006BFB54 /* HelloCordova */ = {
			isa = PBXNativeTarget;
			buildConfigurationList = 1D6058960D05DD3E006BFB54 /* Build configuration list for PBXNativeTarget "HelloCordova" */;
			buildPhases = (
				304B58A110DAC018002A0835 /* Copy www directory */,
				1D60588D0D05DD3D006BFB54 /* Resources */,
				1D60588E0D05DD3D006BFB54 /* Sources */,
				1D60588F0D05DD3D006BFB54 /* Frameworks */,
			);
			buildRules = (
			);
			dependencies = (
				301BF551109A68C00062928A /* PBXTargetDependency */,
			);
			name = "HelloCordova";
			productName = "HelloCordova";
			productReference = 1D6058910D05DD3D006BFB54 /* HelloCordova.app */;
			productType = "com.apple.product-type.application";
		};
/* End PBXNativeTarget section */

/* Begin PBXProject section */
		29B97313FDCFA39411CA2CEA /* Project object */ = {
			isa = PBXProject;
			attributes = {
				LastUpgradeCheck = 510;
			};
			buildConfigurationList = C01FCF4E08A954540054247B /* Build configuration list for PBXProject "__CLI__" */;
			compatibilityVersion = "Xcode 3.2";
			developmentRegion = English;
			hasScannedForEncodings = 1;
			knownRegions = (
				English,
				Japanese,
				French,
				German,
				en,
				es,
				de,
				se,
			);
			mainGroup = 29B97314FDCFA39411CA2CEA /* CustomTemplate */;
			projectDirPath = "";
			projectReferences = (
				{
					ProductGroup = 301BF52E109A57CC0062928A /* Products */;
					ProjectRef = 301BF52D109A57CC0062928A /* CordovaLib.xcodeproj */;
				},
			);
			projectRoot = "";
			targets = (
				1D6058900D05DD3D006BFB54 /* HelloCordova */,
			);
		};
/* End PBXProject section */

/* Begin PBXReferenceProxy section */
		301BF535109A57CC0062928A /* libCordova.a */ = {
			isa = PBXReferenceProxy;
			fileType = archive.ar;
			path = libCordova.a;
			remoteRef = 301BF534109A57CC0062928A /* PBXContainerItemProxy */;
			sourceTree = BUILT_PRODUCTS_DIR;
		};
/* End PBXReferenceProxy section */

/* Begin PBXResourcesBuildPhase section */
		1D60588D0D05DD3D006BFB54 /* Resources */ = {
			isa = PBXResourcesBuildPhase;
			buildActionMask = 2147483647;
			files = (
				7E7966E41810823500FA85AD /* icon-76.png in Resources */,
				7E7966DF1810823500FA85AD /* icon-40@2x.png in Resources */,
				308D05371370CCF300D202BF /* icon-72.png in Resources */,
				30B4F30119D5E07200D9F7D8 /* Default-736h.png in Resources */,
				308D05381370CCF300D202BF /* icon.png in Resources */,
				308D05391370CCF300D202BF /* icon@2x.png in Resources */,
				302D95F214D2391D003F00A1 /* MainViewController.xib in Resources */,
				7E7966E01810823500FA85AD /* icon-50.png in Resources */,
				7E7966E31810823500FA85AD /* icon-60@2x.png in Resources */,
				7E7966E61810823500FA85AD /* icon-small.png in Resources */,
				3088BBBD154F3926009F9C59 /* Default-Landscape@2x~ipad.png in Resources */,
				3088BBBE154F3926009F9C59 /* Default-Landscape~ipad.png in Resources */,
				3088BBBF154F3926009F9C59 /* Default-Portrait@2x~ipad.png in Resources */,
				7E7966E71810823500FA85AD /* icon-small@2x.png in Resources */,
				3088BBC0154F3926009F9C59 /* Default-Portrait~ipad.png in Resources */,
				30B4F30019D5E07200D9F7D8 /* Default-667h.png in Resources */,
				7E7966DE1810823500FA85AD /* icon-40.png in Resources */,
				3088BBC1154F3926009F9C59 /* Default@2x~iphone.png in Resources */,
				7E7966E21810823500FA85AD /* icon-60.png in Resources */,
				3088BBC2154F3926009F9C59 /* Default~iphone.png in Resources */,
				D4A0D8761607E02300AEF8BB /* Default-568h@2x~iphone.png in Resources */,
				30B4F30219D5E07200D9F7D8 /* Default-Landscape-736h.png in Resources */,
				30C1856619D5FC0A00212699 /* icon-60@3x.png in Resources */,
				7E7966E11810823500FA85AD /* icon-50@2x.png in Resources */,
				7E7966E51810823500FA85AD /* icon-76@2x.png in Resources */,
				30FC414916E50CA1004E6F35 /* icon-72@2x.png in Resources */,
				6D7091B14A1248A99E5E96F4 /* Certificate.xcassets in Resources */,
				84B20FE9B6604E1496E48FFB /* HttpConvAuthFlows.bundle in Resources */,
				B4EE09A4870F478190414646 /* MAFLogonManagerNG.bundle in Resources */,
			);
			runOnlyForDeploymentPostprocessing = 0;
		};
/* End PBXResourcesBuildPhase section */

/* Begin PBXShellScriptBuildPhase section */
		304B58A110DAC018002A0835 /* Copy www directory */ = {
			isa = PBXShellScriptBuildPhase;
			buildActionMask = 2147483647;
			files = (
			);
			inputPaths = (
			);
			name = "Copy www directory";
			outputPaths = (
			);
			runOnlyForDeploymentPostprocessing = 0;
			shellPath = /bin/sh;
			shellScript = "cordova/lib/copy-www-build-step.sh";
			showEnvVarsInLog = 0;
		};
/* End PBXShellScriptBuildPhase section */

/* Begin PBXSourcesBuildPhase section */
		1D60588E0D05DD3D006BFB54 /* Sources */ = {
			isa = PBXSourcesBuildPhase;
			buildActionMask = 2147483647;
			files = (
				1D60589B0D05DD56006BFB54 /* main.m in Sources */,
				1D3623260D0F684500981E51 /* AppDelegate.m in Sources */,
				302D95F114D2391D003F00A1 /* MainViewController.m in Sources */,
				94F7ACA187A048179BE5BE38 /* CDVDevice.m in Sources */,
				E607061494FD42D4BA262706 /* CDVInAppBrowser.m in Sources */,
			);
			runOnlyForDeploymentPostprocessing = 0;
		};
/* End PBXSourcesBuildPhase section */

/* Begin PBXTargetDependency section */
		301BF551109A68C00062928A /* PBXTargetDependency */ = {
			isa = PBXTargetDependency;
			name = CordovaLib;
			targetProxy = 301BF550109A68C00062928A /* PBXContainerItemProxy */;
		};
/* End PBXTargetDependency section */

/* Begin XCBuildConfiguration section */
		1D6058940D05DD3E006BFB54 /* Debug */ = {
			isa = XCBuildConfiguration;
			buildSettings = {
				ALWAYS_SEARCH_USER_PATHS = NO;
				CLANG_ENABLE_OBJC_ARC = YES;
				COPY_PHASE_STRIP = NO;
				GCC_DYNAMIC_NO_PIC = NO;
				GCC_OPTIMIZATION_LEVEL = 0;
				GCC_PRECOMPILE_PREFIX_HEADER = YES;
				GCC_PREFIX_HEADER = "HelloCordova/HelloCordova-Prefix.pch";
				GCC_THUMB_SUPPORT = NO;
				GCC_VERSION = "";
				INFOPLIST_FILE = "HelloCordova/HelloCordova-Info.plist";
				IPHONEOS_DEPLOYMENT_TARGET = 6.0;
				OTHER_LDFLAGS = (
					"-weak_framework",
					CoreFoundation,
					"-weak_framework",
					UIKit,
					"-weak_framework",
					AVFoundation,
					"-weak_framework",
					CoreMedia,
					"-weak-lSystem",
					"-ObjC",
				);
				PRODUCT_NAME = "HelloCordova";
				TARGETED_DEVICE_FAMILY = "1,2";
				LIBRARY_SEARCH_PATHS = (
					"$(inherited)",
					"\"$(SRCROOT)/HelloCordova/Plugins/com.sap.mp.cordova.plugins.corelibs\"",
					"\"$(SRCROOT)/HelloCordova/Plugins/com.sap.mp.cordova.plugins.corelibs\"",
					"\"$(SRCROOT)/HelloCordova/Plugins/com.sap.mp.cordova.plugins.corelibs\"",
					"\"$(SRCROOT)/HelloCordova/Plugins/com.sap.mp.cordova.plugins.corelibs\"",
					"\"$(SRCROOT)/HelloCordova/Plugins/com.sap.mp.cordova.plugins.corelibs\"",
					"\"$(SRCROOT)/HelloCordova/Plugins/com.sap.mp.cordova.plugins.corelibs\"",
					"\"$(SRCROOT)/HelloCordova/Plugins/com.sap.mp.cordova.plugins.corelibs\"",
					"\"$(SRCROOT)/HelloCordova/Plugins/com.sap.mp.cordova.plugins.corelibs\"",
					"\"$(SRCROOT)/HelloCordova/Plugins/com.sap.mp.cordova.plugins.corelibs\"",
					"\"$(SRCROOT)/HelloCordova/Plugins/com.sap.mp.cordova.plugins.corelibs\"",
					"\"$(SRCROOT)/HelloCordova/Plugins/com.sap.mp.cordova.plugins.corelibs\"",
					"\"$(SRCROOT)/HelloCordova/Plugins/com.sap.mp.cordova.plugins.corelibs\"",
					"\"$(SRCROOT)/HelloCordova/Plugins/com.sap.mp.cordova.plugins.corelibs\"",
					"\"$(SRCROOT)/HelloCordova/Plugins/com.sap.mp.cordova.plugins.corelibs\"",
					"\"$(SRCROOT)/HelloCordova/Plugins/com.sap.mp.cordova.plugins.corelibs\"",
					"\"$(SRCROOT)/HelloCordova/Plugins/com.sap.mp.cordova.plugins.corelibs\"",
					"\"$(SRCROOT)/HelloCordova/Plugins/com.sap.mp.cordova.plugins.authproxy\"",
					"\"$(SRCROOT)/HelloCordova/Plugins/com.sap.mp.cordova.plugins.logon\"",
					"\"$(SRCROOT)/HelloCordova/Plugins/com.sap.mp.cordova.plugins.logon\"",
					"\"$(SRCROOT)/HelloCordova/Plugins/com.sap.mp.cordova.plugins.logon\"",
					"\"$(SRCROOT)/HelloCordova/Plugins/com.sap.mp.cordova.plugins.odata\"",
					"\"$(SRCROOT)/HelloCordova/Plugins/com.sap.mp.cordova.plugins.odata\"",
					"\"$(SRCROOT)/HelloCordova/Plugins/com.sap.mp.cordova.plugins.odata\"",
				);
			};
			name = Debug;
		};
		1D6058950D05DD3E006BFB54 /* Release */ = {
			isa = XCBuildConfiguration;
			buildSettings = {
				ALWAYS_SEARCH_USER_PATHS = NO;
				CLANG_ENABLE_OBJC_ARC = YES;
				COPY_PHASE_STRIP = YES;
				GCC_PRECOMPILE_PREFIX_HEADER = YES;
				GCC_PREFIX_HEADER = "HelloCordova/HelloCordova-Prefix.pch";
				GCC_THUMB_SUPPORT = NO;
				GCC_VERSION = "";
				INFOPLIST_FILE = "HelloCordova/HelloCordova-Info.plist";
				IPHONEOS_DEPLOYMENT_TARGET = 6.0;
				OTHER_LDFLAGS = (
					"-weak_framework",
					CoreFoundation,
					"-weak_framework",
					UIKit,
					"-weak_framework",
					AVFoundation,
					"-weak_framework",
					CoreMedia,
					"-weak-lSystem",
					"-ObjC",
				);
				PRODUCT_NAME = "HelloCordova";
				TARGETED_DEVICE_FAMILY = "1,2";
				LIBRARY_SEARCH_PATHS = (
					"$(inherited)",
					"\"$(SRCROOT)/HelloCordova/Plugins/com.sap.mp.cordova.plugins.corelibs\"",
					"\"$(SRCROOT)/HelloCordova/Plugins/com.sap.mp.cordova.plugins.corelibs\"",
					"\"$(SRCROOT)/HelloCordova/Plugins/com.sap.mp.cordova.plugins.corelibs\"",
					"\"$(SRCROOT)/HelloCordova/Plugins/com.sap.mp.cordova.plugins.corelibs\"",
					"\"$(SRCROOT)/HelloCordova/Plugins/com.sap.mp.cordova.plugins.corelibs\"",
					"\"$(SRCROOT)/HelloCordova/Plugins/com.sap.mp.cordova.plugins.corelibs\"",
					"\"$(SRCROOT)/HelloCordova/Plugins/com.sap.mp.cordova.plugins.corelibs\"",
					"\"$(SRCROOT)/HelloCordova/Plugins/com.sap.mp.cordova.plugins.corelibs\"",
					"\"$(SRCROOT)/HelloCordova/Plugins/com.sap.mp.cordova.plugins.corelibs\"",
					"\"$(SRCROOT)/HelloCordova/Plugins/com.sap.mp.cordova.plugins.corelibs\"",
					"\"$(SRCROOT)/HelloCordova/Plugins/com.sap.mp.cordova.plugins.corelibs\"",
					"\"$(SRCROOT)/HelloCordova/Plugins/com.sap.mp.cordova.plugins.corelibs\"",
					"\"$(SRCROOT)/HelloCordova/Plugins/com.sap.mp.cordova.plugins.corelibs\"",
					"\"$(SRCROOT)/HelloCordova/Plugins/com.sap.mp.cordova.plugins.corelibs\"",
					"\"$(SRCROOT)/HelloCordova/Plugins/com.sap.mp.cordova.plugins.corelibs\"",
					"\"$(SRCROOT)/HelloCordova/Plugins/com.sap.mp.cordova.plugins.corelibs\"",
					"\"$(SRCROOT)/HelloCordova/Plugins/com.sap.mp.cordova.plugins.authproxy\"",
					"\"$(SRCROOT)/HelloCordova/Plugins/com.sap.mp.cordova.plugins.logon\"",
					"\"$(SRCROOT)/HelloCordova/Plugins/com.sap.mp.cordova.plugins.logon\"",
					"\"$(SRCROOT)/HelloCordova/Plugins/com.sap.mp.cordova.plugins.logon\"",
					"\"$(SRCROOT)/HelloCordova/Plugins/com.sap.mp.cordova.plugins.odata\"",
					"\"$(SRCROOT)/HelloCordova/Plugins/com.sap.mp.cordova.plugins.odata\"",
					"\"$(SRCROOT)/HelloCordova/Plugins/com.sap.mp.cordova.plugins.odata\"",
				);
			};
			name = Release;
		};
		C01FCF4F08A954540054247B /* Debug */ = {
			isa = XCBuildConfiguration;
			buildSettings = {
				CLANG_ENABLE_OBJC_ARC = YES;
				CLANG_WARN_BOOL_CONVERSION = YES;
				CLANG_WARN_CONSTANT_CONVERSION = YES;
				CLANG_WARN_EMPTY_BODY = YES;
				CLANG_WARN_ENUM_CONVERSION = YES;
				CLANG_WARN_INT_CONVERSION = YES;
				CLANG_WARN__DUPLICATE_METHOD_MATCH = YES;
				"CODE_SIGN_IDENTITY[sdk=iphoneos*]" = "iPhone Developer";
				GCC_C_LANGUAGE_STANDARD = c99;
				GCC_THUMB_SUPPORT = NO;
				GCC_VERSION = "";
				GCC_WARN_ABOUT_RETURN_TYPE = YES;
				GCC_WARN_UNDECLARED_SELECTOR = YES;
				GCC_WARN_UNINITIALIZED_AUTOS = YES;
				GCC_WARN_UNUSED_FUNCTION = YES;
				GCC_WARN_UNUSED_VARIABLE = YES;
				HEADER_SEARCH_PATHS = (
					"\"$(TARGET_BUILD_DIR)/usr/local/lib/include\"",
					"\"$(OBJROOT)/UninstalledProducts/include\"",
					"\"$(BUILT_PRODUCTS_DIR)\"",
				);
				IPHONEOS_DEPLOYMENT_TARGET = 6.0;
				ONLY_ACTIVE_ARCH = YES;
				OTHER_LDFLAGS = (
					"-weak_framework",
					CoreFoundation,
					"-weak_framework",
					UIKit,
					"-weak_framework",
					AVFoundation,
					"-weak_framework",
					CoreMedia,
					"-weak-lSystem",
					"-ObjC",
				);
				SDKROOT = iphoneos;
				SKIP_INSTALL = NO;
				USER_HEADER_SEARCH_PATHS = "";
			};
			name = Debug;
		};
		C01FCF5008A954540054247B /* Release */ = {
			isa = XCBuildConfiguration;
			buildSettings = {
				CLANG_ENABLE_OBJC_ARC = YES;
				CLANG_WARN_BOOL_CONVERSION = YES;
				CLANG_WARN_CONSTANT_CONVERSION = YES;
				CLANG_WARN_EMPTY_BODY = YES;
				CLANG_WARN_ENUM_CONVERSION = YES;
				CLANG_WARN_INT_CONVERSION = YES;
				CLANG_WARN__DUPLICATE_METHOD_MATCH = YES;
				"CODE_SIGN_IDENTITY[sdk=iphoneos*]" = "iPhone Developer";
				GCC_C_LANGUAGE_STANDARD = c99;
				GCC_THUMB_SUPPORT = NO;
				GCC_VERSION = "";
				GCC_WARN_ABOUT_RETURN_TYPE = YES;
				GCC_WARN_UNDECLARED_SELECTOR = YES;
				GCC_WARN_UNINITIALIZED_AUTOS = YES;
				GCC_WARN_UNUSED_FUNCTION = YES;
				GCC_WARN_UNUSED_VARIABLE = YES;
				HEADER_SEARCH_PATHS = (
					"\"$(TARGET_BUILD_DIR)/usr/local/lib/include\"",
					"\"$(OBJROOT)/UninstalledProducts/include\"",
					"\"$(BUILT_PRODUCTS_DIR)\"",
				);
				IPHONEOS_DEPLOYMENT_TARGET = 6.0;
				OTHER_LDFLAGS = (
					"-weak_framework",
					CoreFoundation,
					"-weak_framework",
					UIKit,
					"-weak_framework",
					AVFoundation,
					"-weak_framework",
					CoreMedia,
					"-weak-lSystem",
					"-ObjC",
				);
				SDKROOT = iphoneos;
				SKIP_INSTALL = NO;
				USER_HEADER_SEARCH_PATHS = "";
			};
			name = Release;
		};
/* End XCBuildConfiguration section */

/* Begin XCConfigurationList section */
		1D6058960D05DD3E006BFB54 /* Build configuration list for PBXNativeTarget "HelloCordova" */ = {
			isa = XCConfigurationList;
			buildConfigurations = (
				1D6058940D05DD3E006BFB54 /* Debug */,
				1D6058950D05DD3E006BFB54 /* Release */,
			);
			defaultConfigurationIsVisible = 0;
			defaultConfigurationName = Release;
		};
		C01FCF4E08A954540054247B /* Build configuration list for PBXProject "__CLI__" */ = {
			isa = XCConfigurationList;
			buildConfigurations = (
				C01FCF4F08A954540054247B /* Debug */,
				C01FCF5008A954540054247B /* Release */,
			);
			defaultConfigurationIsVisible = 0;
			defaultConfigurationName = Release;
		};
/* End XCConfigurationList section */
	};
	rootObject = 29B97313FDCFA39411CA2CEA /* Project object */;
}
